Microsoft Visual Studio Solution File, Format Version 7.00
Project("{FAE04EC0-301F-11D3-BF4B-00C04F79EFBC}") = "ImageListBox", "ImageListBox.csproj", "{B9F6169C-C838-4621-8E3C-3AF3D9A31453}"
EndProject
Global
	GlobalSection(SolutionConfiguration) = preSolution
		ConfigName.0 = Debug
		ConfigName.1 = Release
	EndGlobalSection
	GlobalSection(ProjectDependencies) = postSolution
	EndGlobalSection
	GlobalSection(ProjectConfiguration) = postSolution
		{B9F6169C-C838-4621-8E3C-3AF3D9A31453}.Debug.ActiveCfg = Debug|.NET
		{B9F6169C-C838-4621-8E3C-3AF3D9A31453}.Debug.Build.0 = Debug|.NET
		{B9F6169C-C838-4621-8E3C-3AF3D9A31453}.Release.ActiveCfg = Release|.NET
		{B9F6169C-C838-4621-8E3C-3AF3D9A31453}.Release.Build.0 = Release|.NET
	EndGlobalSection
	GlobalSection(ExtensibilityGlobals) = postSolution
	EndGlobalSection
	GlobalSection(ExtensibilityAddIns) = postSolution
	EndGlobalSection
EndGlobal
