
Microsoft Visual Studio Solution File, Format Version 11.00
# Visual Studio 2010
Project("{FAE04EC0-301F-11D3-BF4B-00C04F79EFBC}") = "EllieWare.Common", "EllieWare.Common\EllieWare.Common.csproj", "{72C5924A-0D73-45CE-8066-9F42B401F7A1}"
EndProject
Project("{FAE04EC0-301F-11D3-BF4B-00C04F79EFBC}") = "EllieWare.Manager", "EllieWare.Manager\EllieWare.Manager.csproj", "{35F7C91E-90B7-4AE6-8998-8A6E3FBE2B69}"
EndProject
Project("{FAE04EC0-301F-11D3-BF4B-00C04F79EFBC}") = "EllieWare.Interfaces", "EllieWare.Interfaces\EllieWare.Interfaces.csproj", "{6BC6C904-3CA4-494E-AF88-827394E14654}"
EndProject
Project("{FAE04EC0-301F-11D3-BF4B-00C04F79EFBC}") = "EllieWare.Support", "EllieWare.Support\EllieWare.Support.csproj", "{E1644A8E-CB78-4C41-873E-D743CECCCB0F}"
EndProject
Project("{FAE04EC0-301F-11D3-BF4B-00C04F79EFBC}") = "Zip DLL", "DotNetZip\Zip\Zip DLL.csproj", "{D3B0AD67-44D8-4B3D-BED9-CE1FD6DE2C5A}"
EndProject
Project("{FAE04EC0-301F-11D3-BF4B-00C04F79EFBC}") = "edtFTPnet", "edtftpnet\src\edtFTPnet.csproj", "{E5AD8FAE-D003-45FE-A6BC-EF0619D445F4}"
EndProject
Project("{FAE04EC0-301F-11D3-BF4B-00C04F79EFBC}") = "EllieWare.Audio", "EllieWare.Audio\EllieWare.Audio.csproj", "{B576477E-C3E2-42A6-9C46-B523D9F6B834}"
EndProject
Project("{FAE04EC0-301F-11D3-BF4B-00C04F79EFBC}") = "EllieWare.DateTime", "EllieWare.DateTime\EllieWare.DateTime.csproj", "{22ABAC35-D498-413E-A429-98D317142CB6}"
EndProject
Project("{FAE04EC0-301F-11D3-BF4B-00C04F79EFBC}") = "EllieWare.IO", "EllieWare.IO\EllieWare.IO.csproj", "{186AC2DD-F372-47F3-A279-F905F37DBA9D}"
EndProject
Project("{FAE04EC0-301F-11D3-BF4B-00C04F79EFBC}") = "EllieWare.Logging", "EllieWare.Logging\EllieWare.Logging.csproj", "{0936AB33-EA50-48BE-84F3-0D9106EB2C6D}"
EndProject
Project("{FAE04EC0-301F-11D3-BF4B-00C04F79EFBC}") = "EllieWare.Process", "EllieWare.Process\EllieWare.Process.csproj", "{6205CDC5-02F2-4122-A513-D779941DAC35}"
EndProject
Project("{FAE04EC0-301F-11D3-BF4B-00C04F79EFBC}") = "EllieWare.Transfer.FTP", "EllieWare.Transfer.FTP\EllieWare.Transfer.FTP.csproj", "{6148FE29-F616-4501-931B-27A04C3E9B60}"
EndProject
Project("{FAE04EC0-301F-11D3-BF4B-00C04F79EFBC}") = "EllieWare.Zip", "EllieWare.Zip\EllieWare.Zip.csproj", "{3E09D8C1-FDC2-47ED-8195-27F8D61C5F9F}"
EndProject
Project("{FAE04EC0-301F-11D3-BF4B-00C04F79EFBC}") = "EllieWare.Licensing", "EllieWare.Licensing\EllieWare.Licensing.csproj", "{639D40B5-8191-409A-A267-8A78D4D38452}"
EndProject
Project("{FAE04EC0-301F-11D3-BF4B-00C04F79EFBC}") = "EllieWare.LicenseGenerator", "EllieWare.LicenseGenerator\EllieWare.LicenseGenerator.csproj", "{B041F5F3-FA67-4510-B372-71C8A5EA6373}"
EndProject
Project("{FAE04EC0-301F-11D3-BF4B-00C04F79EFBC}") = "EllieWare.Macro", "EllieWare.Macro\EllieWare.Macro.csproj", "{D6569BA5-350C-4A7A-B23C-5E9FCAA6DF21}"
EndProject
Project("{7CF6DF6D-3B04-46F8-A40B-537D21BCA0B4}") = "EllieWare.Interfaces.Docs", "EllieWare.Interfaces.Docs\EllieWare.Interfaces.Docs.shfbproj", "{1E41E392-39A5-4B56-84FD-D0C818200709}"
EndProject
Project("{FAE04EC0-301F-11D3-BF4B-00C04F79EFBC}") = "EllieWare.RobotWare.Docs", "EllieWare.RobotWare.Docs\EllieWare.RobotWare.Docs.csproj", "{69CA96F0-9303-47C9-B91C-C7D2EEFBE9AA}"
EndProject
Project("{FAE04EC0-301F-11D3-BF4B-00C04F79EFBC}") = "EllieWare.Imaging", "EllieWare.Imaging\EllieWare.Imaging.csproj", "{6EB7F82C-CA6D-4BA8-AE0A-0FEA5451A4B9}"
EndProject
Project("{FAE04EC0-301F-11D3-BF4B-00C04F79EFBC}") = "ImageProcessor", "ImageProcessor\ImageProcessor.csproj", "{F90913DF-8E39-41EE-8A5B-5F72AF35A397}"
EndProject
Project("{FAE04EC0-301F-11D3-BF4B-00C04F79EFBC}") = "PdfSharp", "PdfSharp\PdfSharp.csproj", "{5384CE57-1F94-4D22-860D-2E9C1AC12DDF}"
EndProject
Project("{FAE04EC0-301F-11D3-BF4B-00C04F79EFBC}") = "EllieWare.Pdf", "EllieWare.Pdf\EllieWare.Pdf.csproj", "{5BBEFC9F-BF24-42B2-8BE6-09E19DB5357C}"
EndProject
Project("{FAE04EC0-301F-11D3-BF4B-00C04F79EFBC}") = "PDFsharpTests-GDI", "PdfSharp.UnitTests\PDFsharpTests-GDI\PDFsharpTests-GDI.csproj", "{890837F6-2F9E-482E-A395-9330D92A1070}"
EndProject
Project("{FAE04EC0-301F-11D3-BF4B-00C04F79EFBC}") = "EllieWare.Batch", "EllieWare.Batch\EllieWare.Batch.csproj", "{07855637-6DC5-4515-B1DB-D49BF498D933}"
EndProject
Project("{FAE04EC0-301F-11D3-BF4B-00C04F79EFBC}") = "EllieWare.Common.Tests", "EllieWare.Common.Tests\EllieWare.Common.Tests.csproj", "{CEFDB921-6203-4CAA-88E2-A8A429CFF0C0}"
EndProject
Project("{FAE04EC0-301F-11D3-BF4B-00C04F79EFBC}") = "EllieWare.IO.Tests", "EllieWare.IO.Tests\EllieWare.IO.Tests.csproj", "{7B8F6C61-D5F3-4DAC-9CD8-1D7B0A17406A}"
EndProject
Project("{FAE04EC0-301F-11D3-BF4B-00C04F79EFBC}") = "AutoUpdater.NET", "AutoUpdater.NET\AutoUpdater.NET.csproj", "{FB9E7E6B-B19F-4F37-A708-2996190CEF13}"
EndProject
Project("{FAE04EC0-301F-11D3-BF4B-00C04F79EFBC}") = "CrashReporter.NET", "CrashReporter.NET\CrashReporter.NET.csproj", "{67912BDA-1572-46B0-8623-5872D9DADBC8}"
EndProject
Project("{FAE04EC0-301F-11D3-BF4B-00C04F79EFBC}") = "SampleAddin", "SampleAddin\SampleAddin.csproj", "{06301824-D367-4DBF-9498-7936675DD008}"
EndProject
Project("{FAE04EC0-301F-11D3-BF4B-00C04F79EFBC}") = "EllieWare.Transfer.Email", "EllieWare.Transfer.Email\EllieWare.Transfer.Email.csproj", "{EBF4F4DC-392E-4CE6-8B2F-780E1F52AF04}"
EndProject
Project("{FAE04EC0-301F-11D3-BF4B-00C04F79EFBC}") = "RobotWare.Runtime", "RobotWare.Runtime\RobotWare.Runtime.csproj", "{0FD9B6FE-B59B-4EF5-A195-8B7F7AFD478C}"
EndProject
Project("{FAE04EC0-301F-11D3-BF4B-00C04F79EFBC}") = "EllieWare.EventLogger", "EllieWare.EventLogger\EllieWare.EventLogger.csproj", "{4CEB3860-6167-4A0B-9EB9-064507620C51}"
EndProject
Project("{2150E333-8FDC-42A3-9474-1A3956D46DE8}") = "Steps", "Steps", "{075C272D-29F6-4F15-97DD-362600A2A56F}"
EndProject
Project("{2150E333-8FDC-42A3-9474-1A3956D46DE8}") = "SolidWorks", "SolidWorks", "{5F947E20-0379-4A77-B85B-D51F8BA410DD}"
EndProject
Project("{FAE04EC0-301F-11D3-BF4B-00C04F79EFBC}") = "RobotWare.SolidWorks", "RobotWare.SolidWorks\RobotWare.SolidWorks.csproj", "{588F81F0-D581-40C9-BDFD-F5F6A986D9C0}"
EndProject
Project("{FAE04EC0-301F-11D3-BF4B-00C04F79EFBC}") = "EllieWare.SolidWorks", "EllieWare.SolidWorks\EllieWare.SolidWorks.csproj", "{2EEDB23E-5A23-4BFE-9044-897388A901B7}"
EndProject
Project("{FAE04EC0-301F-11D3-BF4B-00C04F79EFBC}") = "RobotWare for SolidWorks", "RobotWare for SolidWorks\RobotWare for SolidWorks.csproj", "{7CAB0925-CA43-4A5D-A2DD-B78385838C5C}"
EndProject
Global
	GlobalSection(SolutionConfigurationPlatforms) = preSolution
		Debug|Any CPU = Debug|Any CPU
		Release|Any CPU = Release|Any CPU
	EndGlobalSection
	GlobalSection(ProjectConfigurationPlatforms) = postSolution
		{72C5924A-0D73-45CE-8066-9F42B401F7A1}.Debug|Any CPU.ActiveCfg = Debug|Any CPU
		{72C5924A-0D73-45CE-8066-9F42B401F7A1}.Debug|Any CPU.Build.0 = Debug|Any CPU
		{72C5924A-0D73-45CE-8066-9F42B401F7A1}.Release|Any CPU.ActiveCfg = Release|Any CPU
		{72C5924A-0D73-45CE-8066-9F42B401F7A1}.Release|Any CPU.Build.0 = Release|Any CPU
		{35F7C91E-90B7-4AE6-8998-8A6E3FBE2B69}.Debug|Any CPU.ActiveCfg = Debug|Any CPU
		{35F7C91E-90B7-4AE6-8998-8A6E3FBE2B69}.Debug|Any CPU.Build.0 = Debug|Any CPU
		{35F7C91E-90B7-4AE6-8998-8A6E3FBE2B69}.Release|Any CPU.ActiveCfg = Release|Any CPU
		{35F7C91E-90B7-4AE6-8998-8A6E3FBE2B69}.Release|Any CPU.Build.0 = Release|Any CPU
		{6BC6C904-3CA4-494E-AF88-827394E14654}.Debug|Any CPU.ActiveCfg = Debug|Any CPU
		{6BC6C904-3CA4-494E-AF88-827394E14654}.Debug|Any CPU.Build.0 = Debug|Any CPU
		{6BC6C904-3CA4-494E-AF88-827394E14654}.Release|Any CPU.ActiveCfg = Release|Any CPU
		{6BC6C904-3CA4-494E-AF88-827394E14654}.Release|Any CPU.Build.0 = Release|Any CPU
		{E1644A8E-CB78-4C41-873E-D743CECCCB0F}.Debug|Any CPU.ActiveCfg = Debug|Any CPU
		{E1644A8E-CB78-4C41-873E-D743CECCCB0F}.Debug|Any CPU.Build.0 = Debug|Any CPU
		{E1644A8E-CB78-4C41-873E-D743CECCCB0F}.Release|Any CPU.ActiveCfg = Release|Any CPU
		{E1644A8E-CB78-4C41-873E-D743CECCCB0F}.Release|Any CPU.Build.0 = Release|Any CPU
		{D3B0AD67-44D8-4B3D-BED9-CE1FD6DE2C5A}.Debug|Any CPU.ActiveCfg = Debug|Any CPU
		{D3B0AD67-44D8-4B3D-BED9-CE1FD6DE2C5A}.Debug|Any CPU.Build.0 = Debug|Any CPU
		{D3B0AD67-44D8-4B3D-BED9-CE1FD6DE2C5A}.Release|Any CPU.ActiveCfg = Release|Any CPU
		{D3B0AD67-44D8-4B3D-BED9-CE1FD6DE2C5A}.Release|Any CPU.Build.0 = Release|Any CPU
		{E5AD8FAE-D003-45FE-A6BC-EF0619D445F4}.Debug|Any CPU.ActiveCfg = Debug|Any CPU
		{E5AD8FAE-D003-45FE-A6BC-EF0619D445F4}.Debug|Any CPU.Build.0 = Debug|Any CPU
		{E5AD8FAE-D003-45FE-A6BC-EF0619D445F4}.Release|Any CPU.ActiveCfg = Release|Any CPU
		{E5AD8FAE-D003-45FE-A6BC-EF0619D445F4}.Release|Any CPU.Build.0 = Release|Any CPU
		{B576477E-C3E2-42A6-9C46-B523D9F6B834}.Debug|Any CPU.ActiveCfg = Debug|Any CPU
		{B576477E-C3E2-42A6-9C46-B523D9F6B834}.Debug|Any CPU.Build.0 = Debug|Any CPU
		{B576477E-C3E2-42A6-9C46-B523D9F6B834}.Release|Any CPU.ActiveCfg = Release|Any CPU
		{B576477E-C3E2-42A6-9C46-B523D9F6B834}.Release|Any CPU.Build.0 = Release|Any CPU
		{22ABAC35-D498-413E-A429-98D317142CB6}.Debug|Any CPU.ActiveCfg = Debug|Any CPU
		{22ABAC35-D498-413E-A429-98D317142CB6}.Debug|Any CPU.Build.0 = Debug|Any CPU
		{22ABAC35-D498-413E-A429-98D317142CB6}.Release|Any CPU.ActiveCfg = Release|Any CPU
		{22ABAC35-D498-413E-A429-98D317142CB6}.Release|Any CPU.Build.0 = Release|Any CPU
		{186AC2DD-F372-47F3-A279-F905F37DBA9D}.Debug|Any CPU.ActiveCfg = Debug|Any CPU
		{186AC2DD-F372-47F3-A279-F905F37DBA9D}.Debug|Any CPU.Build.0 = Debug|Any CPU
		{186AC2DD-F372-47F3-A279-F905F37DBA9D}.Release|Any CPU.ActiveCfg = Release|Any CPU
		{186AC2DD-F372-47F3-A279-F905F37DBA9D}.Release|Any CPU.Build.0 = Release|Any CPU
		{0936AB33-EA50-48BE-84F3-0D9106EB2C6D}.Debug|Any CPU.ActiveCfg = Debug|Any CPU
		{0936AB33-EA50-48BE-84F3-0D9106EB2C6D}.Debug|Any CPU.Build.0 = Debug|Any CPU
		{0936AB33-EA50-48BE-84F3-0D9106EB2C6D}.Release|Any CPU.ActiveCfg = Release|Any CPU
		{0936AB33-EA50-48BE-84F3-0D9106EB2C6D}.Release|Any CPU.Build.0 = Release|Any CPU
		{6205CDC5-02F2-4122-A513-D779941DAC35}.Debug|Any CPU.ActiveCfg = Debug|Any CPU
		{6205CDC5-02F2-4122-A513-D779941DAC35}.Debug|Any CPU.Build.0 = Debug|Any CPU
		{6205CDC5-02F2-4122-A513-D779941DAC35}.Release|Any CPU.ActiveCfg = Release|Any CPU
		{6205CDC5-02F2-4122-A513-D779941DAC35}.Release|Any CPU.Build.0 = Release|Any CPU
		{6148FE29-F616-4501-931B-27A04C3E9B60}.Debug|Any CPU.ActiveCfg = Debug|Any CPU
		{6148FE29-F616-4501-931B-27A04C3E9B60}.Debug|Any CPU.Build.0 = Debug|Any CPU
		{6148FE29-F616-4501-931B-27A04C3E9B60}.Release|Any CPU.ActiveCfg = Release|Any CPU
		{6148FE29-F616-4501-931B-27A04C3E9B60}.Release|Any CPU.Build.0 = Release|Any CPU
		{3E09D8C1-FDC2-47ED-8195-27F8D61C5F9F}.Debug|Any CPU.ActiveCfg = Debug|Any CPU
		{3E09D8C1-FDC2-47ED-8195-27F8D61C5F9F}.Debug|Any CPU.Build.0 = Debug|Any CPU
		{3E09D8C1-FDC2-47ED-8195-27F8D61C5F9F}.Release|Any CPU.ActiveCfg = Release|Any CPU
		{3E09D8C1-FDC2-47ED-8195-27F8D61C5F9F}.Release|Any CPU.Build.0 = Release|Any CPU
		{639D40B5-8191-409A-A267-8A78D4D38452}.Debug|Any CPU.ActiveCfg = Debug|Any CPU
		{639D40B5-8191-409A-A267-8A78D4D38452}.Debug|Any CPU.Build.0 = Debug|Any CPU
		{639D40B5-8191-409A-A267-8A78D4D38452}.Release|Any CPU.ActiveCfg = Release|Any CPU
		{639D40B5-8191-409A-A267-8A78D4D38452}.Release|Any CPU.Build.0 = Release|Any CPU
		{B041F5F3-FA67-4510-B372-71C8A5EA6373}.Debug|Any CPU.ActiveCfg = Debug|Any CPU
		{B041F5F3-FA67-4510-B372-71C8A5EA6373}.Debug|Any CPU.Build.0 = Debug|Any CPU
		{B041F5F3-FA67-4510-B372-71C8A5EA6373}.Release|Any CPU.ActiveCfg = Release|Any CPU
		{B041F5F3-FA67-4510-B372-71C8A5EA6373}.Release|Any CPU.Build.0 = Release|Any CPU
		{D6569BA5-350C-4A7A-B23C-5E9FCAA6DF21}.Debug|Any CPU.ActiveCfg = Debug|Any CPU
		{D6569BA5-350C-4A7A-B23C-5E9FCAA6DF21}.Debug|Any CPU.Build.0 = Debug|Any CPU
		{D6569BA5-350C-4A7A-B23C-5E9FCAA6DF21}.Release|Any CPU.ActiveCfg = Release|Any CPU
		{D6569BA5-350C-4A7A-B23C-5E9FCAA6DF21}.Release|Any CPU.Build.0 = Release|Any CPU
		{1E41E392-39A5-4B56-84FD-D0C818200709}.Debug|Any CPU.ActiveCfg = Debug|Any CPU
		{1E41E392-39A5-4B56-84FD-D0C818200709}.Debug|Any CPU.Build.0 = Debug|Any CPU
		{1E41E392-39A5-4B56-84FD-D0C818200709}.Release|Any CPU.ActiveCfg = Release|Any CPU
		{1E41E392-39A5-4B56-84FD-D0C818200709}.Release|Any CPU.Build.0 = Release|Any CPU
		{69CA96F0-9303-47C9-B91C-C7D2EEFBE9AA}.Debug|Any CPU.ActiveCfg = Debug|x86
		{69CA96F0-9303-47C9-B91C-C7D2EEFBE9AA}.Release|Any CPU.ActiveCfg = Debug|x86
		{6EB7F82C-CA6D-4BA8-AE0A-0FEA5451A4B9}.Debug|Any CPU.ActiveCfg = Debug|Any CPU
		{6EB7F82C-CA6D-4BA8-AE0A-0FEA5451A4B9}.Debug|Any CPU.Build.0 = Debug|Any CPU
		{6EB7F82C-CA6D-4BA8-AE0A-0FEA5451A4B9}.Release|Any CPU.ActiveCfg = Release|Any CPU
		{6EB7F82C-CA6D-4BA8-AE0A-0FEA5451A4B9}.Release|Any CPU.Build.0 = Release|Any CPU
		{F90913DF-8E39-41EE-8A5B-5F72AF35A397}.Debug|Any CPU.ActiveCfg = Debug|Any CPU
		{F90913DF-8E39-41EE-8A5B-5F72AF35A397}.Debug|Any CPU.Build.0 = Debug|Any CPU
		{F90913DF-8E39-41EE-8A5B-5F72AF35A397}.Release|Any CPU.ActiveCfg = Release|Any CPU
		{F90913DF-8E39-41EE-8A5B-5F72AF35A397}.Release|Any CPU.Build.0 = Release|Any CPU
		{5384CE57-1F94-4D22-860D-2E9C1AC12DDF}.Debug|Any CPU.ActiveCfg = Debug|Any CPU
		{5384CE57-1F94-4D22-860D-2E9C1AC12DDF}.Debug|Any CPU.Build.0 = Debug|Any CPU
		{5384CE57-1F94-4D22-860D-2E9C1AC12DDF}.Release|Any CPU.ActiveCfg = Release|Any CPU
		{5384CE57-1F94-4D22-860D-2E9C1AC12DDF}.Release|Any CPU.Build.0 = Release|Any CPU
		{5BBEFC9F-BF24-42B2-8BE6-09E19DB5357C}.Debug|Any CPU.ActiveCfg = Debug|Any CPU
		{5BBEFC9F-BF24-42B2-8BE6-09E19DB5357C}.Debug|Any CPU.Build.0 = Debug|Any CPU
		{5BBEFC9F-BF24-42B2-8BE6-09E19DB5357C}.Release|Any CPU.ActiveCfg = Release|Any CPU
		{5BBEFC9F-BF24-42B2-8BE6-09E19DB5357C}.Release|Any CPU.Build.0 = Release|Any CPU
		{890837F6-2F9E-482E-A395-9330D92A1070}.Debug|Any CPU.ActiveCfg = Debug|Any CPU
		{890837F6-2F9E-482E-A395-9330D92A1070}.Debug|Any CPU.Build.0 = Debug|Any CPU
		{890837F6-2F9E-482E-A395-9330D92A1070}.Release|Any CPU.ActiveCfg = Release|Any CPU
		{890837F6-2F9E-482E-A395-9330D92A1070}.Release|Any CPU.Build.0 = Release|Any CPU
		{07855637-6DC5-4515-B1DB-D49BF498D933}.Debug|Any CPU.ActiveCfg = Debug|Any CPU
		{07855637-6DC5-4515-B1DB-D49BF498D933}.Debug|Any CPU.Build.0 = Debug|Any CPU
		{07855637-6DC5-4515-B1DB-D49BF498D933}.Release|Any CPU.ActiveCfg = Release|Any CPU
		{07855637-6DC5-4515-B1DB-D49BF498D933}.Release|Any CPU.Build.0 = Release|Any CPU
		{CEFDB921-6203-4CAA-88E2-A8A429CFF0C0}.Debug|Any CPU.ActiveCfg = Debug|Any CPU
		{CEFDB921-6203-4CAA-88E2-A8A429CFF0C0}.Debug|Any CPU.Build.0 = Debug|Any CPU
		{CEFDB921-6203-4CAA-88E2-A8A429CFF0C0}.Release|Any CPU.ActiveCfg = Release|Any CPU
		{CEFDB921-6203-4CAA-88E2-A8A429CFF0C0}.Release|Any CPU.Build.0 = Release|Any CPU
		{7B8F6C61-D5F3-4DAC-9CD8-1D7B0A17406A}.Debug|Any CPU.ActiveCfg = Debug|Any CPU
		{7B8F6C61-D5F3-4DAC-9CD8-1D7B0A17406A}.Debug|Any CPU.Build.0 = Debug|Any CPU
		{7B8F6C61-D5F3-4DAC-9CD8-1D7B0A17406A}.Release|Any CPU.ActiveCfg = Release|Any CPU
		{7B8F6C61-D5F3-4DAC-9CD8-1D7B0A17406A}.Release|Any CPU.Build.0 = Release|Any CPU
		{FB9E7E6B-B19F-4F37-A708-2996190CEF13}.Debug|Any CPU.ActiveCfg = Debug|Any CPU
		{FB9E7E6B-B19F-4F37-A708-2996190CEF13}.Debug|Any CPU.Build.0 = Debug|Any CPU
		{FB9E7E6B-B19F-4F37-A708-2996190CEF13}.Release|Any CPU.ActiveCfg = Release|Any CPU
		{FB9E7E6B-B19F-4F37-A708-2996190CEF13}.Release|Any CPU.Build.0 = Release|Any CPU
		{67912BDA-1572-46B0-8623-5872D9DADBC8}.Debug|Any CPU.ActiveCfg = Debug|Any CPU
		{67912BDA-1572-46B0-8623-5872D9DADBC8}.Debug|Any CPU.Build.0 = Debug|Any CPU
		{67912BDA-1572-46B0-8623-5872D9DADBC8}.Release|Any CPU.ActiveCfg = Release|Any CPU
		{67912BDA-1572-46B0-8623-5872D9DADBC8}.Release|Any CPU.Build.0 = Release|Any CPU
		{06301824-D367-4DBF-9498-7936675DD008}.Debug|Any CPU.ActiveCfg = Debug|Any CPU
		{06301824-D367-4DBF-9498-7936675DD008}.Debug|Any CPU.Build.0 = Debug|Any CPU
		{06301824-D367-4DBF-9498-7936675DD008}.Release|Any CPU.ActiveCfg = Release|Any CPU
		{06301824-D367-4DBF-9498-7936675DD008}.Release|Any CPU.Build.0 = Release|Any CPU
		{EBF4F4DC-392E-4CE6-8B2F-780E1F52AF04}.Debug|Any CPU.ActiveCfg = Debug|Any CPU
		{EBF4F4DC-392E-4CE6-8B2F-780E1F52AF04}.Debug|Any CPU.Build.0 = Debug|Any CPU
		{EBF4F4DC-392E-4CE6-8B2F-780E1F52AF04}.Release|Any CPU.ActiveCfg = Release|Any CPU
		{EBF4F4DC-392E-4CE6-8B2F-780E1F52AF04}.Release|Any CPU.Build.0 = Release|Any CPU
		{0FD9B6FE-B59B-4EF5-A195-8B7F7AFD478C}.Debug|Any CPU.ActiveCfg = Debug|Any CPU
		{0FD9B6FE-B59B-4EF5-A195-8B7F7AFD478C}.Debug|Any CPU.Build.0 = Debug|Any CPU
		{0FD9B6FE-B59B-4EF5-A195-8B7F7AFD478C}.Release|Any CPU.ActiveCfg = Release|Any CPU
		{0FD9B6FE-B59B-4EF5-A195-8B7F7AFD478C}.Release|Any CPU.Build.0 = Release|Any CPU
		{4CEB3860-6167-4A0B-9EB9-064507620C51}.Debug|Any CPU.ActiveCfg = Debug|Any CPU
		{4CEB3860-6167-4A0B-9EB9-064507620C51}.Debug|Any CPU.Build.0 = Debug|Any CPU
		{4CEB3860-6167-4A0B-9EB9-064507620C51}.Release|Any CPU.ActiveCfg = Release|Any CPU
		{4CEB3860-6167-4A0B-9EB9-064507620C51}.Release|Any CPU.Build.0 = Release|Any CPU
		{588F81F0-D581-40C9-BDFD-F5F6A986D9C0}.Debug|Any CPU.ActiveCfg = Debug|Any CPU
		{588F81F0-D581-40C9-BDFD-F5F6A986D9C0}.Debug|Any CPU.Build.0 = Debug|Any CPU
		{588F81F0-D581-40C9-BDFD-F5F6A986D9C0}.Release|Any CPU.ActiveCfg = Release|Any CPU
		{588F81F0-D581-40C9-BDFD-F5F6A986D9C0}.Release|Any CPU.Build.0 = Release|Any CPU
		{2EEDB23E-5A23-4BFE-9044-897388A901B7}.Debug|Any CPU.ActiveCfg = Debug|Any CPU
		{2EEDB23E-5A23-4BFE-9044-897388A901B7}.Debug|Any CPU.Build.0 = Debug|Any CPU
		{2EEDB23E-5A23-4BFE-9044-897388A901B7}.Release|Any CPU.ActiveCfg = Release|Any CPU
		{2EEDB23E-5A23-4BFE-9044-897388A901B7}.Release|Any CPU.Build.0 = Release|Any CPU
		{7CAB0925-CA43-4A5D-A2DD-B78385838C5C}.Debug|Any CPU.ActiveCfg = Debug|Any CPU
		{7CAB0925-CA43-4A5D-A2DD-B78385838C5C}.Debug|Any CPU.Build.0 = Debug|Any CPU
		{7CAB0925-CA43-4A5D-A2DD-B78385838C5C}.Release|Any CPU.ActiveCfg = Release|Any CPU
		{7CAB0925-CA43-4A5D-A2DD-B78385838C5C}.Release|Any CPU.Build.0 = Release|Any CPU
	EndGlobalSection
	GlobalSection(SolutionProperties) = preSolution
		HideSolutionNode = FALSE
	EndGlobalSection
	GlobalSection(NestedProjects) = preSolution
		{E5AD8FAE-D003-45FE-A6BC-EF0619D445F4} = {075C272D-29F6-4F15-97DD-362600A2A56F}
		{B576477E-C3E2-42A6-9C46-B523D9F6B834} = {075C272D-29F6-4F15-97DD-362600A2A56F}
		{22ABAC35-D498-413E-A429-98D317142CB6} = {075C272D-29F6-4F15-97DD-362600A2A56F}
		{186AC2DD-F372-47F3-A279-F905F37DBA9D} = {075C272D-29F6-4F15-97DD-362600A2A56F}
		{0936AB33-EA50-48BE-84F3-0D9106EB2C6D} = {075C272D-29F6-4F15-97DD-362600A2A56F}
		{6205CDC5-02F2-4122-A513-D779941DAC35} = {075C272D-29F6-4F15-97DD-362600A2A56F}
		{6148FE29-F616-4501-931B-27A04C3E9B60} = {075C272D-29F6-4F15-97DD-362600A2A56F}
		{3E09D8C1-FDC2-47ED-8195-27F8D61C5F9F} = {075C272D-29F6-4F15-97DD-362600A2A56F}
		{D6569BA5-350C-4A7A-B23C-5E9FCAA6DF21} = {075C272D-29F6-4F15-97DD-362600A2A56F}
		{6EB7F82C-CA6D-4BA8-AE0A-0FEA5451A4B9} = {075C272D-29F6-4F15-97DD-362600A2A56F}
		{F90913DF-8E39-41EE-8A5B-5F72AF35A397} = {075C272D-29F6-4F15-97DD-362600A2A56F}
		{5384CE57-1F94-4D22-860D-2E9C1AC12DDF} = {075C272D-29F6-4F15-97DD-362600A2A56F}
		{5BBEFC9F-BF24-42B2-8BE6-09E19DB5357C} = {075C272D-29F6-4F15-97DD-362600A2A56F}
		{890837F6-2F9E-482E-A395-9330D92A1070} = {075C272D-29F6-4F15-97DD-362600A2A56F}
		{07855637-6DC5-4515-B1DB-D49BF498D933} = {075C272D-29F6-4F15-97DD-362600A2A56F}
		{7B8F6C61-D5F3-4DAC-9CD8-1D7B0A17406A} = {075C272D-29F6-4F15-97DD-362600A2A56F}
		{06301824-D367-4DBF-9498-7936675DD008} = {075C272D-29F6-4F15-97DD-362600A2A56F}
		{EBF4F4DC-392E-4CE6-8B2F-780E1F52AF04} = {075C272D-29F6-4F15-97DD-362600A2A56F}
		{4CEB3860-6167-4A0B-9EB9-064507620C51} = {075C272D-29F6-4F15-97DD-362600A2A56F}
		{D3B0AD67-44D8-4B3D-BED9-CE1FD6DE2C5A} = {075C272D-29F6-4F15-97DD-362600A2A56F}
		{588F81F0-D581-40C9-BDFD-F5F6A986D9C0} = {5F947E20-0379-4A77-B85B-D51F8BA410DD}
		{2EEDB23E-5A23-4BFE-9044-897388A901B7} = {5F947E20-0379-4A77-B85B-D51F8BA410DD}
		{7CAB0925-CA43-4A5D-A2DD-B78385838C5C} = {5F947E20-0379-4A77-B85B-D51F8BA410DD}
	EndGlobalSection
EndGlobal
