
Microsoft Visual Studio Solution File, Format Version 11.00
# Visual Studio 2010
Project("{FAE04EC0-301F-11D3-BF4B-00C04F79EFBC}") = "RobotWare.SpaceClaim", "RobotWare.SpaceClaim\RobotWare.SpaceClaim.csproj", "{E717A0E2-3B92-4636-9A95-F0E10A93BD6F}"
EndProject
Project("{FAE04EC0-301F-11D3-BF4B-00C04F79EFBC}") = "EllieWare.Common", "EllieWare.Common\EllieWare.Common.csproj", "{72C5924A-0D73-45CE-8066-9F42B401F7A1}"
EndProject
Project("{FAE04EC0-301F-11D3-BF4B-00C04F79EFBC}") = "EllieWare.Manager", "EllieWare.Manager\EllieWare.Manager.csproj", "{35F7C91E-90B7-4AE6-8998-8A6E3FBE2B69}"
EndProject
Project("{FAE04EC0-301F-11D3-BF4B-00C04F79EFBC}") = "EllieWare.Interfaces", "EllieWare.Interfaces\EllieWare.Interfaces.csproj", "{6BC6C904-3CA4-494E-AF88-827394E14654}"
EndProject
Project("{FAE04EC0-301F-11D3-BF4B-00C04F79EFBC}") = "EllieWare.Support", "EllieWare.Support\EllieWare.Support.csproj", "{E1644A8E-CB78-4C41-873E-D743CECCCB0F}"
EndProject
Project("{FAE04EC0-301F-11D3-BF4B-00C04F79EFBC}") = "Zip DLL", "DotNetZip\Zip\Zip DLL.csproj", "{D3B0AD67-44D8-4B3D-BED9-CE1FD6DE2C5A}"
EndProject
Project("{FAE04EC0-301F-11D3-BF4B-00C04F79EFBC}") = "edtFTPnet", "edtftpnet\src\edtFTPnet.csproj", "{E5AD8FAE-D003-45FE-A6BC-EF0619D445F4}"
EndProject
Project("{FAE04EC0-301F-11D3-BF4B-00C04F79EFBC}") = "EllieWare.Audio", "EllieWare.Audio\EllieWare.Audio.csproj", "{B576477E-C3E2-42A6-9C46-B523D9F6B834}"
EndProject
Project("{FAE04EC0-301F-11D3-BF4B-00C04F79EFBC}") = "EllieWare.DateTime", "EllieWare.DateTime\EllieWare.DateTime.csproj", "{22ABAC35-D498-413E-A429-98D317142CB6}"
EndProject
Project("{FAE04EC0-301F-11D3-BF4B-00C04F79EFBC}") = "EllieWare.IO", "EllieWare.IO\EllieWare.IO.csproj", "{186AC2DD-F372-47F3-A279-F905F37DBA9D}"
EndProject
Project("{FAE04EC0-301F-11D3-BF4B-00C04F79EFBC}") = "EllieWare.Logging", "EllieWare.Logging\EllieWare.Logging.csproj", "{0936AB33-EA50-48BE-84F3-0D9106EB2C6D}"
EndProject
Project("{FAE04EC0-301F-11D3-BF4B-00C04F79EFBC}") = "EllieWare.Process", "EllieWare.Process\EllieWare.Process.csproj", "{6205CDC5-02F2-4122-A513-D779941DAC35}"
EndProject
Project("{FAE04EC0-301F-11D3-BF4B-00C04F79EFBC}") = "EllieWare.Transfer.FTP", "EllieWare.Transfer.FTP\EllieWare.Transfer.FTP.csproj", "{6148FE29-F616-4501-931B-27A04C3E9B60}"
EndProject
Project("{FAE04EC0-301F-11D3-BF4B-00C04F79EFBC}") = "EllieWare.Zip", "EllieWare.Zip\EllieWare.Zip.csproj", "{3E09D8C1-FDC2-47ED-8195-27F8D61C5F9F}"
EndProject
Project("{FAE04EC0-301F-11D3-BF4B-00C04F79EFBC}") = "EllieWare.SpaceClaim", "EllieWare.SpaceClaim\EllieWare.SpaceClaim.csproj", "{31F91FF5-7362-4C78-934E-3C6116FC8CBA}"
EndProject
Project("{FAE04EC0-301F-11D3-BF4B-00C04F79EFBC}") = "EllieWare.Licensing", "EllieWare.Licensing\EllieWare.Licensing.csproj", "{639D40B5-8191-409A-A267-8A78D4D38452}"
EndProject
Project("{FAE04EC0-301F-11D3-BF4B-00C04F79EFBC}") = "EllieWare.LicenseGenerator", "EllieWare.LicenseGenerator\EllieWare.LicenseGenerator.csproj", "{B041F5F3-FA67-4510-B372-71C8A5EA6373}"
EndProject
Project("{FAE04EC0-301F-11D3-BF4B-00C04F79EFBC}") = "EllieWare.Macro", "EllieWare.Macro\EllieWare.Macro.csproj", "{D6569BA5-350C-4A7A-B23C-5E9FCAA6DF21}"
EndProject
Project("{FAE04EC0-301F-11D3-BF4B-00C04F79EFBC}") = "RobotWare.Windows", "RobotWare.Windows\RobotWare.Windows.csproj", "{AE021F3A-24BE-434B-832A-4AEF4F808FB5}"
EndProject
Project("{7CF6DF6D-3B04-46F8-A40B-537D21BCA0B4}") = "EllieWare.Interfaces.Docs", "EllieWare.Interfaces.Docs\EllieWare.Interfaces.Docs.shfbproj", "{1E41E392-39A5-4B56-84FD-D0C818200709}"
EndProject
Project("{FAE04EC0-301F-11D3-BF4B-00C04F79EFBC}") = "EllieWare.RobotWare.Docs", "EllieWare.RobotWare.Docs\EllieWare.RobotWare.Docs.csproj", "{69CA96F0-9303-47C9-B91C-C7D2EEFBE9AA}"
EndProject
Project("{FAE04EC0-301F-11D3-BF4B-00C04F79EFBC}") = "EllieWare.Imaging", "EllieWare.Imaging\EllieWare.Imaging.csproj", "{6EB7F82C-CA6D-4BA8-AE0A-0FEA5451A4B9}"
EndProject
Project("{FAE04EC0-301F-11D3-BF4B-00C04F79EFBC}") = "ImageProcessor", "ImageProcessor\ImageProcessor.csproj", "{F90913DF-8E39-41EE-8A5B-5F72AF35A397}"
EndProject
Project("{FAE04EC0-301F-11D3-BF4B-00C04F79EFBC}") = "PdfSharp", "PdfSharp\PdfSharp.csproj", "{5384CE57-1F94-4D22-860D-2E9C1AC12DDF}"
EndProject
Project("{FAE04EC0-301F-11D3-BF4B-00C04F79EFBC}") = "EllieWare.Pdf", "EllieWare.Pdf\EllieWare.Pdf.csproj", "{5BBEFC9F-BF24-42B2-8BE6-09E19DB5357C}"
EndProject
Project("{FAE04EC0-301F-11D3-BF4B-00C04F79EFBC}") = "PDFsharpTests-GDI", "PdfSharp.UnitTests\PDFsharpTests-GDI\PDFsharpTests-GDI.csproj", "{890837F6-2F9E-482E-A395-9330D92A1070}"
EndProject
Project("{FAE04EC0-301F-11D3-BF4B-00C04F79EFBC}") = "EllieWare.Batch", "EllieWare.Batch\EllieWare.Batch.csproj", "{07855637-6DC5-4515-B1DB-D49BF498D933}"
EndProject
Project("{FAE04EC0-301F-11D3-BF4B-00C04F79EFBC}") = "EllieWare.Common.Tests", "EllieWare.Common.Tests\EllieWare.Common.Tests.csproj", "{CEFDB921-6203-4CAA-88E2-A8A429CFF0C0}"
EndProject
Project("{FAE04EC0-301F-11D3-BF4B-00C04F79EFBC}") = "EllieWare.IO.Tests", "EllieWare.IO.Tests\EllieWare.IO.Tests.csproj", "{7B8F6C61-D5F3-4DAC-9CD8-1D7B0A17406A}"
EndProject
Project("{FAE04EC0-301F-11D3-BF4B-00C04F79EFBC}") = "AutoUpdater.NET", "AutoUpdater.NET\AutoUpdater.NET.csproj", "{FB9E7E6B-B19F-4F37-A708-2996190CEF13}"
EndProject
Project("{FAE04EC0-301F-11D3-BF4B-00C04F79EFBC}") = "CrashReporter.NET", "CrashReporter.NET\CrashReporter.NET.csproj", "{67912BDA-1572-46B0-8623-5872D9DADBC8}"
EndProject
Project("{FAE04EC0-301F-11D3-BF4B-00C04F79EFBC}") = "SampleAddin", "SampleAddin\SampleAddin.csproj", "{06301824-D367-4DBF-9498-7936675DD008}"
EndProject
Project("{FAE04EC0-301F-11D3-BF4B-00C04F79EFBC}") = "EllieWare.Transfer.Email", "EllieWare.Transfer.Email\EllieWare.Transfer.Email.csproj", "{EBF4F4DC-392E-4CE6-8B2F-780E1F52AF04}"
EndProject
Project("{FAE04EC0-301F-11D3-BF4B-00C04F79EFBC}") = "SpaceClaim.API.Test", "SpaceClaim.API.Test\SpaceClaim.API.Test.csproj", "{3D8281CB-23C4-4576-9374-34FCFFB64F60}"
EndProject
Project("{930C7802-8A8C-48F9-8165-68863BCCD9DD}") = "RobotWare for SpaceClaim", "RobotWare for SpaceClaim\RobotWare for SpaceClaim.wixproj", "{7006D4DA-D71A-40F4-B5AF-439D68D78980}"
	ProjectSection(ProjectDependencies) = postProject
		{6BC6C904-3CA4-494E-AF88-827394E14654} = {6BC6C904-3CA4-494E-AF88-827394E14654}
		{35F7C91E-90B7-4AE6-8998-8A6E3FBE2B69} = {35F7C91E-90B7-4AE6-8998-8A6E3FBE2B69}
		{06301824-D367-4DBF-9498-7936675DD008} = {06301824-D367-4DBF-9498-7936675DD008}
		{6148FE29-F616-4501-931B-27A04C3E9B60} = {6148FE29-F616-4501-931B-27A04C3E9B60}
		{6EB7F82C-CA6D-4BA8-AE0A-0FEA5451A4B9} = {6EB7F82C-CA6D-4BA8-AE0A-0FEA5451A4B9}
		{0936AB33-EA50-48BE-84F3-0D9106EB2C6D} = {0936AB33-EA50-48BE-84F3-0D9106EB2C6D}
		{22ABAC35-D498-413E-A429-98D317142CB6} = {22ABAC35-D498-413E-A429-98D317142CB6}
		{07855637-6DC5-4515-B1DB-D49BF498D933} = {07855637-6DC5-4515-B1DB-D49BF498D933}
		{72C5924A-0D73-45CE-8066-9F42B401F7A1} = {72C5924A-0D73-45CE-8066-9F42B401F7A1}
		{5384CE57-1F94-4D22-860D-2E9C1AC12DDF} = {5384CE57-1F94-4D22-860D-2E9C1AC12DDF}
		{7B8F6C61-D5F3-4DAC-9CD8-1D7B0A17406A} = {7B8F6C61-D5F3-4DAC-9CD8-1D7B0A17406A}
		{D3B0AD67-44D8-4B3D-BED9-CE1FD6DE2C5A} = {D3B0AD67-44D8-4B3D-BED9-CE1FD6DE2C5A}
		{FB9E7E6B-B19F-4F37-A708-2996190CEF13} = {FB9E7E6B-B19F-4F37-A708-2996190CEF13}
		{B576477E-C3E2-42A6-9C46-B523D9F6B834} = {B576477E-C3E2-42A6-9C46-B523D9F6B834}
		{E1644A8E-CB78-4C41-873E-D743CECCCB0F} = {E1644A8E-CB78-4C41-873E-D743CECCCB0F}
		{1E41E392-39A5-4B56-84FD-D0C818200709} = {1E41E392-39A5-4B56-84FD-D0C818200709}
		{5BBEFC9F-BF24-42B2-8BE6-09E19DB5357C} = {5BBEFC9F-BF24-42B2-8BE6-09E19DB5357C}
		{D6569BA5-350C-4A7A-B23C-5E9FCAA6DF21} = {D6569BA5-350C-4A7A-B23C-5E9FCAA6DF21}
		{E5AD8FAE-D003-45FE-A6BC-EF0619D445F4} = {E5AD8FAE-D003-45FE-A6BC-EF0619D445F4}
		{639D40B5-8191-409A-A267-8A78D4D38452} = {639D40B5-8191-409A-A267-8A78D4D38452}
		{3E09D8C1-FDC2-47ED-8195-27F8D61C5F9F} = {3E09D8C1-FDC2-47ED-8195-27F8D61C5F9F}
		{6205CDC5-02F2-4122-A513-D779941DAC35} = {6205CDC5-02F2-4122-A513-D779941DAC35}
		{67912BDA-1572-46B0-8623-5872D9DADBC8} = {67912BDA-1572-46B0-8623-5872D9DADBC8}
		{EBF4F4DC-392E-4CE6-8B2F-780E1F52AF04} = {EBF4F4DC-392E-4CE6-8B2F-780E1F52AF04}
		{186AC2DD-F372-47F3-A279-F905F37DBA9D} = {186AC2DD-F372-47F3-A279-F905F37DBA9D}
		{F90913DF-8E39-41EE-8A5B-5F72AF35A397} = {F90913DF-8E39-41EE-8A5B-5F72AF35A397}
		{E717A0E2-3B92-4636-9A95-F0E10A93BD6F} = {E717A0E2-3B92-4636-9A95-F0E10A93BD6F}
		{69CA96F0-9303-47C9-B91C-C7D2EEFBE9AA} = {69CA96F0-9303-47C9-B91C-C7D2EEFBE9AA}
		{B041F5F3-FA67-4510-B372-71C8A5EA6373} = {B041F5F3-FA67-4510-B372-71C8A5EA6373}
		{31F91FF5-7362-4C78-934E-3C6116FC8CBA} = {31F91FF5-7362-4C78-934E-3C6116FC8CBA}
	EndProjectSection
EndProject
Project("{930C7802-8A8C-48F9-8165-68863BCCD9DD}") = "RobotWare for Windows", "RobotWare for Windows\RobotWare for Windows.wixproj", "{EC18ABBD-0348-40FC-9037-0A89621CD4F4}"
	ProjectSection(ProjectDependencies) = postProject
		{6BC6C904-3CA4-494E-AF88-827394E14654} = {6BC6C904-3CA4-494E-AF88-827394E14654}
		{35F7C91E-90B7-4AE6-8998-8A6E3FBE2B69} = {35F7C91E-90B7-4AE6-8998-8A6E3FBE2B69}
		{CEFDB921-6203-4CAA-88E2-A8A429CFF0C0} = {CEFDB921-6203-4CAA-88E2-A8A429CFF0C0}
		{06301824-D367-4DBF-9498-7936675DD008} = {06301824-D367-4DBF-9498-7936675DD008}
		{6148FE29-F616-4501-931B-27A04C3E9B60} = {6148FE29-F616-4501-931B-27A04C3E9B60}
		{6EB7F82C-CA6D-4BA8-AE0A-0FEA5451A4B9} = {6EB7F82C-CA6D-4BA8-AE0A-0FEA5451A4B9}
		{0936AB33-EA50-48BE-84F3-0D9106EB2C6D} = {0936AB33-EA50-48BE-84F3-0D9106EB2C6D}
		{22ABAC35-D498-413E-A429-98D317142CB6} = {22ABAC35-D498-413E-A429-98D317142CB6}
		{07855637-6DC5-4515-B1DB-D49BF498D933} = {07855637-6DC5-4515-B1DB-D49BF498D933}
		{AE021F3A-24BE-434B-832A-4AEF4F808FB5} = {AE021F3A-24BE-434B-832A-4AEF4F808FB5}
		{72C5924A-0D73-45CE-8066-9F42B401F7A1} = {72C5924A-0D73-45CE-8066-9F42B401F7A1}
		{5384CE57-1F94-4D22-860D-2E9C1AC12DDF} = {5384CE57-1F94-4D22-860D-2E9C1AC12DDF}
		{7B8F6C61-D5F3-4DAC-9CD8-1D7B0A17406A} = {7B8F6C61-D5F3-4DAC-9CD8-1D7B0A17406A}
		{D3B0AD67-44D8-4B3D-BED9-CE1FD6DE2C5A} = {D3B0AD67-44D8-4B3D-BED9-CE1FD6DE2C5A}
		{FB9E7E6B-B19F-4F37-A708-2996190CEF13} = {FB9E7E6B-B19F-4F37-A708-2996190CEF13}
		{B576477E-C3E2-42A6-9C46-B523D9F6B834} = {B576477E-C3E2-42A6-9C46-B523D9F6B834}
		{E1644A8E-CB78-4C41-873E-D743CECCCB0F} = {E1644A8E-CB78-4C41-873E-D743CECCCB0F}
		{1E41E392-39A5-4B56-84FD-D0C818200709} = {1E41E392-39A5-4B56-84FD-D0C818200709}
		{5BBEFC9F-BF24-42B2-8BE6-09E19DB5357C} = {5BBEFC9F-BF24-42B2-8BE6-09E19DB5357C}
		{D6569BA5-350C-4A7A-B23C-5E9FCAA6DF21} = {D6569BA5-350C-4A7A-B23C-5E9FCAA6DF21}
		{E5AD8FAE-D003-45FE-A6BC-EF0619D445F4} = {E5AD8FAE-D003-45FE-A6BC-EF0619D445F4}
		{639D40B5-8191-409A-A267-8A78D4D38452} = {639D40B5-8191-409A-A267-8A78D4D38452}
		{3E09D8C1-FDC2-47ED-8195-27F8D61C5F9F} = {3E09D8C1-FDC2-47ED-8195-27F8D61C5F9F}
		{6205CDC5-02F2-4122-A513-D779941DAC35} = {6205CDC5-02F2-4122-A513-D779941DAC35}
		{67912BDA-1572-46B0-8623-5872D9DADBC8} = {67912BDA-1572-46B0-8623-5872D9DADBC8}
		{EBF4F4DC-392E-4CE6-8B2F-780E1F52AF04} = {EBF4F4DC-392E-4CE6-8B2F-780E1F52AF04}
		{186AC2DD-F372-47F3-A279-F905F37DBA9D} = {186AC2DD-F372-47F3-A279-F905F37DBA9D}
		{F90913DF-8E39-41EE-8A5B-5F72AF35A397} = {F90913DF-8E39-41EE-8A5B-5F72AF35A397}
		{69CA96F0-9303-47C9-B91C-C7D2EEFBE9AA} = {69CA96F0-9303-47C9-B91C-C7D2EEFBE9AA}
		{B041F5F3-FA67-4510-B372-71C8A5EA6373} = {B041F5F3-FA67-4510-B372-71C8A5EA6373}
	EndProjectSection
EndProject
Project("{FAE04EC0-301F-11D3-BF4B-00C04F79EFBC}") = "SpaceClaimSampleAddin", "SpaceClaimSampleAddin\SpaceClaimSampleAddin.csproj", "{25CB14B3-3A63-4B29-8364-778D49623740}"
EndProject
Project("{FAE04EC0-301F-11D3-BF4B-00C04F79EFBC}") = "SheetMetalEstimator", "..\Consulting\SheetMetal\Code\SheetMetalEstimator\SheetMetalEstimator.csproj", "{CD7E364D-E59F-4F58-8E29-4B7DCDE35567}"
EndProject
Project("{FAE04EC0-301F-11D3-BF4B-00C04F79EFBC}") = "EngIT.SheetMetalEstimator", "..\Consulting\SheetMetal\Code\EngIT.SheetMetalEstimator\EngIT.SheetMetalEstimator.csproj", "{F7444A90-9680-44E3-AD65-7ED5443D4403}"
EndProject
Project("{FAE04EC0-301F-11D3-BF4B-00C04F79EFBC}") = "SerpentWare.Common", "SerpentWare.Common\SerpentWare.Common.csproj", "{831A9A61-99A0-40AD-953D-99A677F2CA1C}"
EndProject
Project("{FAE04EC0-301F-11D3-BF4B-00C04F79EFBC}") = "SerpentWare.Interfaces", "SerpentWare.Interfaces\SerpentWare.Interfaces.csproj", "{2175F59B-D0E0-4619-805B-5D152C597175}"
EndProject
Project("{FAE04EC0-301F-11D3-BF4B-00C04F79EFBC}") = "Alsing.SyntaxBox.NET", "SyntaxBox\Alsing.SyntaxBox\Alsing.SyntaxBox.NET.csproj", "{19EF75B2-B414-4EB0-9486-160FAF93E62C}"
EndProject
Project("{FAE04EC0-301F-11D3-BF4B-00C04F79EFBC}") = "EllieWare.Python", "EllieWare.Python\EllieWare.Python.csproj", "{BA13E2F0-4CF8-44C1-AF09-7948CFF380EA}"
EndProject
Project("{FAE04EC0-301F-11D3-BF4B-00C04F79EFBC}") = "SerpentWare.SpaceClaim", "SerpentWare.SpaceClaim\SerpentWare.SpaceClaim.csproj", "{AA8846CF-F71C-4C1E-991D-85877A433E65}"
EndProject
Project("{FAE04EC0-301F-11D3-BF4B-00C04F79EFBC}") = "SerpentWare.Windows", "SerpentWare.Windows\SerpentWare.Windows.csproj", "{9450BD47-9A69-4C57-BF7B-F95C24C0DCA9}"
EndProject
Project("{FAE04EC0-301F-11D3-BF4B-00C04F79EFBC}") = "RobotWare.Runtime", "RobotWare.Runtime\RobotWare.Runtime.csproj", "{0FD9B6FE-B59B-4EF5-A195-8B7F7AFD478C}"
EndProject
Project("{FAE04EC0-301F-11D3-BF4B-00C04F79EFBC}") = "RobotWare.Runtime.SpaceClaim", "RobotWare.Runtime.SpaceClaim\RobotWare.Runtime.SpaceClaim.csproj", "{D0C5A079-789F-4F80-90E6-3366E9DE20BE}"
	ProjectSection(ProjectDependencies) = postProject
		{020AC7D1-E8FD-47CA-B162-9738FA4E2348} = {020AC7D1-E8FD-47CA-B162-9738FA4E2348}
	EndProjectSection
EndProject
Project("{FAE04EC0-301F-11D3-BF4B-00C04F79EFBC}") = "Xsd2Code", "Xsd2Code\Xsd2Code.Console\Xsd2Code.csproj", "{020AC7D1-E8FD-47CA-B162-9738FA4E2348}"
EndProject
Project("{FAE04EC0-301F-11D3-BF4B-00C04F79EFBC}") = "Xsd2Code.Library", "Xsd2Code\Xsd2Code.Library\Xsd2Code.Library.csproj", "{1B59FB12-699C-4927-ACA3-D7F0E0F79100}"
EndProject
Project("{FAE04EC0-301F-11D3-BF4B-00C04F79EFBC}") = "RobotWare.Runtime.SpaceClaim.Configurator", "RobotWare.Runtime.SpaceClaim.Configurator\RobotWare.Runtime.SpaceClaim.Configurator.csproj", "{64CEE6D8-5FB7-434C-B329-4E1C9E19C659}"
EndProject
Project("{930C7802-8A8C-48F9-8165-68863BCCD9DD}") = "RobotWare Runtime for SpaceClaim Configurator", "RobotWare Runtime for SpaceClaim Configurator\RobotWare Runtime for SpaceClaim Configurator.wixproj", "{7806D4DA-D71A-40F4-B5AF-439D68D78980}"
	ProjectSection(ProjectDependencies) = postProject
		{6BC6C904-3CA4-494E-AF88-827394E14654} = {6BC6C904-3CA4-494E-AF88-827394E14654}
		{72C5924A-0D73-45CE-8066-9F42B401F7A1} = {72C5924A-0D73-45CE-8066-9F42B401F7A1}
		{FB9E7E6B-B19F-4F37-A708-2996190CEF13} = {FB9E7E6B-B19F-4F37-A708-2996190CEF13}
		{D0C5A079-789F-4F80-90E6-3366E9DE20BE} = {D0C5A079-789F-4F80-90E6-3366E9DE20BE}
		{E1644A8E-CB78-4C41-873E-D743CECCCB0F} = {E1644A8E-CB78-4C41-873E-D743CECCCB0F}
		{639D40B5-8191-409A-A267-8A78D4D38452} = {639D40B5-8191-409A-A267-8A78D4D38452}
		{64CEE6D8-5FB7-434C-B329-4E1C9E19C659} = {64CEE6D8-5FB7-434C-B329-4E1C9E19C659}
		{67912BDA-1572-46B0-8623-5872D9DADBC8} = {67912BDA-1572-46B0-8623-5872D9DADBC8}
		{E717A0E2-3B92-4636-9A95-F0E10A93BD6F} = {E717A0E2-3B92-4636-9A95-F0E10A93BD6F}
		{0FD9B6FE-B59B-4EF5-A195-8B7F7AFD478C} = {0FD9B6FE-B59B-4EF5-A195-8B7F7AFD478C}
	EndProjectSection
EndProject
Global
	GlobalSection(SolutionConfigurationPlatforms) = preSolution
		Debug|Any CPU = Debug|Any CPU
		Debug|Mixed Platforms = Debug|Mixed Platforms
		Debug|x86 = Debug|x86
		Release|Any CPU = Release|Any CPU
		Release|Mixed Platforms = Release|Mixed Platforms
		Release|x86 = Release|x86
	EndGlobalSection
	GlobalSection(ProjectConfigurationPlatforms) = postSolution
		{E717A0E2-3B92-4636-9A95-F0E10A93BD6F}.Debug|Any CPU.ActiveCfg = Debug|Any CPU
		{E717A0E2-3B92-4636-9A95-F0E10A93BD6F}.Debug|Any CPU.Build.0 = Debug|Any CPU
		{E717A0E2-3B92-4636-9A95-F0E10A93BD6F}.Debug|Mixed Platforms.ActiveCfg = Debug|Any CPU
		{E717A0E2-3B92-4636-9A95-F0E10A93BD6F}.Debug|Mixed Platforms.Build.0 = Debug|Any CPU
		{E717A0E2-3B92-4636-9A95-F0E10A93BD6F}.Debug|x86.ActiveCfg = Debug|Any CPU
		{E717A0E2-3B92-4636-9A95-F0E10A93BD6F}.Release|Any CPU.ActiveCfg = Release|Any CPU
		{E717A0E2-3B92-4636-9A95-F0E10A93BD6F}.Release|Any CPU.Build.0 = Release|Any CPU
		{E717A0E2-3B92-4636-9A95-F0E10A93BD6F}.Release|Mixed Platforms.ActiveCfg = Release|Any CPU
		{E717A0E2-3B92-4636-9A95-F0E10A93BD6F}.Release|Mixed Platforms.Build.0 = Release|Any CPU
		{E717A0E2-3B92-4636-9A95-F0E10A93BD6F}.Release|x86.ActiveCfg = Release|Any CPU
		{72C5924A-0D73-45CE-8066-9F42B401F7A1}.Debug|Any CPU.ActiveCfg = Debug|Any CPU
		{72C5924A-0D73-45CE-8066-9F42B401F7A1}.Debug|Any CPU.Build.0 = Debug|Any CPU
		{72C5924A-0D73-45CE-8066-9F42B401F7A1}.Debug|Mixed Platforms.ActiveCfg = Debug|Any CPU
		{72C5924A-0D73-45CE-8066-9F42B401F7A1}.Debug|Mixed Platforms.Build.0 = Debug|Any CPU
		{72C5924A-0D73-45CE-8066-9F42B401F7A1}.Debug|x86.ActiveCfg = Debug|Any CPU
		{72C5924A-0D73-45CE-8066-9F42B401F7A1}.Release|Any CPU.ActiveCfg = Release|Any CPU
		{72C5924A-0D73-45CE-8066-9F42B401F7A1}.Release|Any CPU.Build.0 = Release|Any CPU
		{72C5924A-0D73-45CE-8066-9F42B401F7A1}.Release|Mixed Platforms.ActiveCfg = Release|Any CPU
		{72C5924A-0D73-45CE-8066-9F42B401F7A1}.Release|Mixed Platforms.Build.0 = Release|Any CPU
		{72C5924A-0D73-45CE-8066-9F42B401F7A1}.Release|x86.ActiveCfg = Release|Any CPU
		{35F7C91E-90B7-4AE6-8998-8A6E3FBE2B69}.Debug|Any CPU.ActiveCfg = Debug|Any CPU
		{35F7C91E-90B7-4AE6-8998-8A6E3FBE2B69}.Debug|Any CPU.Build.0 = Debug|Any CPU
		{35F7C91E-90B7-4AE6-8998-8A6E3FBE2B69}.Debug|Mixed Platforms.ActiveCfg = Debug|Any CPU
		{35F7C91E-90B7-4AE6-8998-8A6E3FBE2B69}.Debug|Mixed Platforms.Build.0 = Debug|Any CPU
		{35F7C91E-90B7-4AE6-8998-8A6E3FBE2B69}.Debug|x86.ActiveCfg = Debug|Any CPU
		{35F7C91E-90B7-4AE6-8998-8A6E3FBE2B69}.Release|Any CPU.ActiveCfg = Release|Any CPU
		{35F7C91E-90B7-4AE6-8998-8A6E3FBE2B69}.Release|Any CPU.Build.0 = Release|Any CPU
		{35F7C91E-90B7-4AE6-8998-8A6E3FBE2B69}.Release|Mixed Platforms.ActiveCfg = Release|Any CPU
		{35F7C91E-90B7-4AE6-8998-8A6E3FBE2B69}.Release|Mixed Platforms.Build.0 = Release|Any CPU
		{35F7C91E-90B7-4AE6-8998-8A6E3FBE2B69}.Release|x86.ActiveCfg = Release|Any CPU
		{6BC6C904-3CA4-494E-AF88-827394E14654}.Debug|Any CPU.ActiveCfg = Debug|Any CPU
		{6BC6C904-3CA4-494E-AF88-827394E14654}.Debug|Any CPU.Build.0 = Debug|Any CPU
		{6BC6C904-3CA4-494E-AF88-827394E14654}.Debug|Mixed Platforms.ActiveCfg = Debug|Any CPU
		{6BC6C904-3CA4-494E-AF88-827394E14654}.Debug|Mixed Platforms.Build.0 = Debug|Any CPU
		{6BC6C904-3CA4-494E-AF88-827394E14654}.Debug|x86.ActiveCfg = Debug|Any CPU
		{6BC6C904-3CA4-494E-AF88-827394E14654}.Release|Any CPU.ActiveCfg = Release|Any CPU
		{6BC6C904-3CA4-494E-AF88-827394E14654}.Release|Any CPU.Build.0 = Release|Any CPU
		{6BC6C904-3CA4-494E-AF88-827394E14654}.Release|Mixed Platforms.ActiveCfg = Release|Any CPU
		{6BC6C904-3CA4-494E-AF88-827394E14654}.Release|Mixed Platforms.Build.0 = Release|Any CPU
		{6BC6C904-3CA4-494E-AF88-827394E14654}.Release|x86.ActiveCfg = Release|Any CPU
		{E1644A8E-CB78-4C41-873E-D743CECCCB0F}.Debug|Any CPU.ActiveCfg = Debug|Any CPU
		{E1644A8E-CB78-4C41-873E-D743CECCCB0F}.Debug|Any CPU.Build.0 = Debug|Any CPU
		{E1644A8E-CB78-4C41-873E-D743CECCCB0F}.Debug|Mixed Platforms.ActiveCfg = Debug|Any CPU
		{E1644A8E-CB78-4C41-873E-D743CECCCB0F}.Debug|Mixed Platforms.Build.0 = Debug|Any CPU
		{E1644A8E-CB78-4C41-873E-D743CECCCB0F}.Debug|x86.ActiveCfg = Debug|Any CPU
		{E1644A8E-CB78-4C41-873E-D743CECCCB0F}.Release|Any CPU.ActiveCfg = Release|Any CPU
		{E1644A8E-CB78-4C41-873E-D743CECCCB0F}.Release|Any CPU.Build.0 = Release|Any CPU
		{E1644A8E-CB78-4C41-873E-D743CECCCB0F}.Release|Mixed Platforms.ActiveCfg = Release|Any CPU
		{E1644A8E-CB78-4C41-873E-D743CECCCB0F}.Release|Mixed Platforms.Build.0 = Release|Any CPU
		{E1644A8E-CB78-4C41-873E-D743CECCCB0F}.Release|x86.ActiveCfg = Release|Any CPU
		{D3B0AD67-44D8-4B3D-BED9-CE1FD6DE2C5A}.Debug|Any CPU.ActiveCfg = Debug|Any CPU
		{D3B0AD67-44D8-4B3D-BED9-CE1FD6DE2C5A}.Debug|Any CPU.Build.0 = Debug|Any CPU
		{D3B0AD67-44D8-4B3D-BED9-CE1FD6DE2C5A}.Debug|Mixed Platforms.ActiveCfg = Debug|Any CPU
		{D3B0AD67-44D8-4B3D-BED9-CE1FD6DE2C5A}.Debug|Mixed Platforms.Build.0 = Debug|Any CPU
		{D3B0AD67-44D8-4B3D-BED9-CE1FD6DE2C5A}.Debug|x86.ActiveCfg = Debug|Any CPU
		{D3B0AD67-44D8-4B3D-BED9-CE1FD6DE2C5A}.Release|Any CPU.ActiveCfg = Release|Any CPU
		{D3B0AD67-44D8-4B3D-BED9-CE1FD6DE2C5A}.Release|Any CPU.Build.0 = Release|Any CPU
		{D3B0AD67-44D8-4B3D-BED9-CE1FD6DE2C5A}.Release|Mixed Platforms.ActiveCfg = Release|Any CPU
		{D3B0AD67-44D8-4B3D-BED9-CE1FD6DE2C5A}.Release|Mixed Platforms.Build.0 = Release|Any CPU
		{D3B0AD67-44D8-4B3D-BED9-CE1FD6DE2C5A}.Release|x86.ActiveCfg = Release|Any CPU
		{E5AD8FAE-D003-45FE-A6BC-EF0619D445F4}.Debug|Any CPU.ActiveCfg = Debug|Any CPU
		{E5AD8FAE-D003-45FE-A6BC-EF0619D445F4}.Debug|Any CPU.Build.0 = Debug|Any CPU
		{E5AD8FAE-D003-45FE-A6BC-EF0619D445F4}.Debug|Mixed Platforms.ActiveCfg = Debug|Any CPU
		{E5AD8FAE-D003-45FE-A6BC-EF0619D445F4}.Debug|Mixed Platforms.Build.0 = Debug|Any CPU
		{E5AD8FAE-D003-45FE-A6BC-EF0619D445F4}.Debug|x86.ActiveCfg = Debug|Any CPU
		{E5AD8FAE-D003-45FE-A6BC-EF0619D445F4}.Release|Any CPU.ActiveCfg = Release|Any CPU
		{E5AD8FAE-D003-45FE-A6BC-EF0619D445F4}.Release|Any CPU.Build.0 = Release|Any CPU
		{E5AD8FAE-D003-45FE-A6BC-EF0619D445F4}.Release|Mixed Platforms.ActiveCfg = Release|Any CPU
		{E5AD8FAE-D003-45FE-A6BC-EF0619D445F4}.Release|Mixed Platforms.Build.0 = Release|Any CPU
		{E5AD8FAE-D003-45FE-A6BC-EF0619D445F4}.Release|x86.ActiveCfg = Release|Any CPU
		{B576477E-C3E2-42A6-9C46-B523D9F6B834}.Debug|Any CPU.ActiveCfg = Debug|Any CPU
		{B576477E-C3E2-42A6-9C46-B523D9F6B834}.Debug|Any CPU.Build.0 = Debug|Any CPU
		{B576477E-C3E2-42A6-9C46-B523D9F6B834}.Debug|Mixed Platforms.ActiveCfg = Debug|Any CPU
		{B576477E-C3E2-42A6-9C46-B523D9F6B834}.Debug|Mixed Platforms.Build.0 = Debug|Any CPU
		{B576477E-C3E2-42A6-9C46-B523D9F6B834}.Debug|x86.ActiveCfg = Debug|Any CPU
		{B576477E-C3E2-42A6-9C46-B523D9F6B834}.Release|Any CPU.ActiveCfg = Release|Any CPU
		{B576477E-C3E2-42A6-9C46-B523D9F6B834}.Release|Any CPU.Build.0 = Release|Any CPU
		{B576477E-C3E2-42A6-9C46-B523D9F6B834}.Release|Mixed Platforms.ActiveCfg = Release|Any CPU
		{B576477E-C3E2-42A6-9C46-B523D9F6B834}.Release|Mixed Platforms.Build.0 = Release|Any CPU
		{B576477E-C3E2-42A6-9C46-B523D9F6B834}.Release|x86.ActiveCfg = Release|Any CPU
		{22ABAC35-D498-413E-A429-98D317142CB6}.Debug|Any CPU.ActiveCfg = Debug|Any CPU
		{22ABAC35-D498-413E-A429-98D317142CB6}.Debug|Any CPU.Build.0 = Debug|Any CPU
		{22ABAC35-D498-413E-A429-98D317142CB6}.Debug|Mixed Platforms.ActiveCfg = Debug|Any CPU
		{22ABAC35-D498-413E-A429-98D317142CB6}.Debug|Mixed Platforms.Build.0 = Debug|Any CPU
		{22ABAC35-D498-413E-A429-98D317142CB6}.Debug|x86.ActiveCfg = Debug|Any CPU
		{22ABAC35-D498-413E-A429-98D317142CB6}.Release|Any CPU.ActiveCfg = Release|Any CPU
		{22ABAC35-D498-413E-A429-98D317142CB6}.Release|Any CPU.Build.0 = Release|Any CPU
		{22ABAC35-D498-413E-A429-98D317142CB6}.Release|Mixed Platforms.ActiveCfg = Release|Any CPU
		{22ABAC35-D498-413E-A429-98D317142CB6}.Release|Mixed Platforms.Build.0 = Release|Any CPU
		{22ABAC35-D498-413E-A429-98D317142CB6}.Release|x86.ActiveCfg = Release|Any CPU
		{186AC2DD-F372-47F3-A279-F905F37DBA9D}.Debug|Any CPU.ActiveCfg = Debug|Any CPU
		{186AC2DD-F372-47F3-A279-F905F37DBA9D}.Debug|Any CPU.Build.0 = Debug|Any CPU
		{186AC2DD-F372-47F3-A279-F905F37DBA9D}.Debug|Mixed Platforms.ActiveCfg = Debug|Any CPU
		{186AC2DD-F372-47F3-A279-F905F37DBA9D}.Debug|Mixed Platforms.Build.0 = Debug|Any CPU
		{186AC2DD-F372-47F3-A279-F905F37DBA9D}.Debug|x86.ActiveCfg = Debug|Any CPU
		{186AC2DD-F372-47F3-A279-F905F37DBA9D}.Release|Any CPU.ActiveCfg = Release|Any CPU
		{186AC2DD-F372-47F3-A279-F905F37DBA9D}.Release|Any CPU.Build.0 = Release|Any CPU
		{186AC2DD-F372-47F3-A279-F905F37DBA9D}.Release|Mixed Platforms.ActiveCfg = Release|Any CPU
		{186AC2DD-F372-47F3-A279-F905F37DBA9D}.Release|Mixed Platforms.Build.0 = Release|Any CPU
		{186AC2DD-F372-47F3-A279-F905F37DBA9D}.Release|x86.ActiveCfg = Release|Any CPU
		{0936AB33-EA50-48BE-84F3-0D9106EB2C6D}.Debug|Any CPU.ActiveCfg = Debug|Any CPU
		{0936AB33-EA50-48BE-84F3-0D9106EB2C6D}.Debug|Any CPU.Build.0 = Debug|Any CPU
		{0936AB33-EA50-48BE-84F3-0D9106EB2C6D}.Debug|Mixed Platforms.ActiveCfg = Debug|Any CPU
		{0936AB33-EA50-48BE-84F3-0D9106EB2C6D}.Debug|Mixed Platforms.Build.0 = Debug|Any CPU
		{0936AB33-EA50-48BE-84F3-0D9106EB2C6D}.Debug|x86.ActiveCfg = Debug|Any CPU
		{0936AB33-EA50-48BE-84F3-0D9106EB2C6D}.Release|Any CPU.ActiveCfg = Release|Any CPU
		{0936AB33-EA50-48BE-84F3-0D9106EB2C6D}.Release|Any CPU.Build.0 = Release|Any CPU
		{0936AB33-EA50-48BE-84F3-0D9106EB2C6D}.Release|Mixed Platforms.ActiveCfg = Release|Any CPU
		{0936AB33-EA50-48BE-84F3-0D9106EB2C6D}.Release|Mixed Platforms.Build.0 = Release|Any CPU
		{0936AB33-EA50-48BE-84F3-0D9106EB2C6D}.Release|x86.ActiveCfg = Release|Any CPU
		{6205CDC5-02F2-4122-A513-D779941DAC35}.Debug|Any CPU.ActiveCfg = Debug|Any CPU
		{6205CDC5-02F2-4122-A513-D779941DAC35}.Debug|Any CPU.Build.0 = Debug|Any CPU
		{6205CDC5-02F2-4122-A513-D779941DAC35}.Debug|Mixed Platforms.ActiveCfg = Debug|Any CPU
		{6205CDC5-02F2-4122-A513-D779941DAC35}.Debug|Mixed Platforms.Build.0 = Debug|Any CPU
		{6205CDC5-02F2-4122-A513-D779941DAC35}.Debug|x86.ActiveCfg = Debug|Any CPU
		{6205CDC5-02F2-4122-A513-D779941DAC35}.Release|Any CPU.ActiveCfg = Release|Any CPU
		{6205CDC5-02F2-4122-A513-D779941DAC35}.Release|Any CPU.Build.0 = Release|Any CPU
		{6205CDC5-02F2-4122-A513-D779941DAC35}.Release|Mixed Platforms.ActiveCfg = Release|Any CPU
		{6205CDC5-02F2-4122-A513-D779941DAC35}.Release|Mixed Platforms.Build.0 = Release|Any CPU
		{6205CDC5-02F2-4122-A513-D779941DAC35}.Release|x86.ActiveCfg = Release|Any CPU
		{6148FE29-F616-4501-931B-27A04C3E9B60}.Debug|Any CPU.ActiveCfg = Debug|Any CPU
		{6148FE29-F616-4501-931B-27A04C3E9B60}.Debug|Any CPU.Build.0 = Debug|Any CPU
		{6148FE29-F616-4501-931B-27A04C3E9B60}.Debug|Mixed Platforms.ActiveCfg = Debug|Any CPU
		{6148FE29-F616-4501-931B-27A04C3E9B60}.Debug|Mixed Platforms.Build.0 = Debug|Any CPU
		{6148FE29-F616-4501-931B-27A04C3E9B60}.Debug|x86.ActiveCfg = Debug|Any CPU
		{6148FE29-F616-4501-931B-27A04C3E9B60}.Release|Any CPU.ActiveCfg = Release|Any CPU
		{6148FE29-F616-4501-931B-27A04C3E9B60}.Release|Any CPU.Build.0 = Release|Any CPU
		{6148FE29-F616-4501-931B-27A04C3E9B60}.Release|Mixed Platforms.ActiveCfg = Release|Any CPU
		{6148FE29-F616-4501-931B-27A04C3E9B60}.Release|Mixed Platforms.Build.0 = Release|Any CPU
		{6148FE29-F616-4501-931B-27A04C3E9B60}.Release|x86.ActiveCfg = Release|Any CPU
		{3E09D8C1-FDC2-47ED-8195-27F8D61C5F9F}.Debug|Any CPU.ActiveCfg = Debug|Any CPU
		{3E09D8C1-FDC2-47ED-8195-27F8D61C5F9F}.Debug|Any CPU.Build.0 = Debug|Any CPU
		{3E09D8C1-FDC2-47ED-8195-27F8D61C5F9F}.Debug|Mixed Platforms.ActiveCfg = Debug|Any CPU
		{3E09D8C1-FDC2-47ED-8195-27F8D61C5F9F}.Debug|Mixed Platforms.Build.0 = Debug|Any CPU
		{3E09D8C1-FDC2-47ED-8195-27F8D61C5F9F}.Debug|x86.ActiveCfg = Debug|Any CPU
		{3E09D8C1-FDC2-47ED-8195-27F8D61C5F9F}.Release|Any CPU.ActiveCfg = Release|Any CPU
		{3E09D8C1-FDC2-47ED-8195-27F8D61C5F9F}.Release|Any CPU.Build.0 = Release|Any CPU
		{3E09D8C1-FDC2-47ED-8195-27F8D61C5F9F}.Release|Mixed Platforms.ActiveCfg = Release|Any CPU
		{3E09D8C1-FDC2-47ED-8195-27F8D61C5F9F}.Release|Mixed Platforms.Build.0 = Release|Any CPU
		{3E09D8C1-FDC2-47ED-8195-27F8D61C5F9F}.Release|x86.ActiveCfg = Release|Any CPU
		{31F91FF5-7362-4C78-934E-3C6116FC8CBA}.Debug|Any CPU.ActiveCfg = Debug|Any CPU
		{31F91FF5-7362-4C78-934E-3C6116FC8CBA}.Debug|Any CPU.Build.0 = Debug|Any CPU
		{31F91FF5-7362-4C78-934E-3C6116FC8CBA}.Debug|Mixed Platforms.ActiveCfg = Debug|Any CPU
		{31F91FF5-7362-4C78-934E-3C6116FC8CBA}.Debug|Mixed Platforms.Build.0 = Debug|Any CPU
		{31F91FF5-7362-4C78-934E-3C6116FC8CBA}.Debug|x86.ActiveCfg = Debug|Any CPU
		{31F91FF5-7362-4C78-934E-3C6116FC8CBA}.Release|Any CPU.ActiveCfg = Release|Any CPU
		{31F91FF5-7362-4C78-934E-3C6116FC8CBA}.Release|Any CPU.Build.0 = Release|Any CPU
		{31F91FF5-7362-4C78-934E-3C6116FC8CBA}.Release|Mixed Platforms.ActiveCfg = Release|Any CPU
		{31F91FF5-7362-4C78-934E-3C6116FC8CBA}.Release|Mixed Platforms.Build.0 = Release|Any CPU
		{31F91FF5-7362-4C78-934E-3C6116FC8CBA}.Release|x86.ActiveCfg = Release|Any CPU
		{639D40B5-8191-409A-A267-8A78D4D38452}.Debug|Any CPU.ActiveCfg = Debug|Any CPU
		{639D40B5-8191-409A-A267-8A78D4D38452}.Debug|Any CPU.Build.0 = Debug|Any CPU
		{639D40B5-8191-409A-A267-8A78D4D38452}.Debug|Mixed Platforms.ActiveCfg = Debug|Any CPU
		{639D40B5-8191-409A-A267-8A78D4D38452}.Debug|Mixed Platforms.Build.0 = Debug|Any CPU
		{639D40B5-8191-409A-A267-8A78D4D38452}.Debug|x86.ActiveCfg = Debug|Any CPU
		{639D40B5-8191-409A-A267-8A78D4D38452}.Release|Any CPU.ActiveCfg = Release|Any CPU
		{639D40B5-8191-409A-A267-8A78D4D38452}.Release|Any CPU.Build.0 = Release|Any CPU
		{639D40B5-8191-409A-A267-8A78D4D38452}.Release|Mixed Platforms.ActiveCfg = Release|Any CPU
		{639D40B5-8191-409A-A267-8A78D4D38452}.Release|Mixed Platforms.Build.0 = Release|Any CPU
		{639D40B5-8191-409A-A267-8A78D4D38452}.Release|x86.ActiveCfg = Release|Any CPU
		{B041F5F3-FA67-4510-B372-71C8A5EA6373}.Debug|Any CPU.ActiveCfg = Debug|x86
		{B041F5F3-FA67-4510-B372-71C8A5EA6373}.Debug|Mixed Platforms.ActiveCfg = Debug|x86
		{B041F5F3-FA67-4510-B372-71C8A5EA6373}.Debug|Mixed Platforms.Build.0 = Debug|x86
		{B041F5F3-FA67-4510-B372-71C8A5EA6373}.Debug|x86.ActiveCfg = Debug|x86
		{B041F5F3-FA67-4510-B372-71C8A5EA6373}.Debug|x86.Build.0 = Debug|x86
		{B041F5F3-FA67-4510-B372-71C8A5EA6373}.Release|Any CPU.ActiveCfg = Release|x86
		{B041F5F3-FA67-4510-B372-71C8A5EA6373}.Release|Mixed Platforms.ActiveCfg = Release|x86
		{B041F5F3-FA67-4510-B372-71C8A5EA6373}.Release|Mixed Platforms.Build.0 = Release|x86
		{B041F5F3-FA67-4510-B372-71C8A5EA6373}.Release|x86.ActiveCfg = Release|x86
		{B041F5F3-FA67-4510-B372-71C8A5EA6373}.Release|x86.Build.0 = Release|x86
		{D6569BA5-350C-4A7A-B23C-5E9FCAA6DF21}.Debug|Any CPU.ActiveCfg = Debug|Any CPU
		{D6569BA5-350C-4A7A-B23C-5E9FCAA6DF21}.Debug|Any CPU.Build.0 = Debug|Any CPU
		{D6569BA5-350C-4A7A-B23C-5E9FCAA6DF21}.Debug|Mixed Platforms.ActiveCfg = Debug|Any CPU
		{D6569BA5-350C-4A7A-B23C-5E9FCAA6DF21}.Debug|Mixed Platforms.Build.0 = Debug|Any CPU
		{D6569BA5-350C-4A7A-B23C-5E9FCAA6DF21}.Debug|x86.ActiveCfg = Debug|Any CPU
		{D6569BA5-350C-4A7A-B23C-5E9FCAA6DF21}.Release|Any CPU.ActiveCfg = Release|Any CPU
		{D6569BA5-350C-4A7A-B23C-5E9FCAA6DF21}.Release|Any CPU.Build.0 = Release|Any CPU
		{D6569BA5-350C-4A7A-B23C-5E9FCAA6DF21}.Release|Mixed Platforms.ActiveCfg = Release|Any CPU
		{D6569BA5-350C-4A7A-B23C-5E9FCAA6DF21}.Release|Mixed Platforms.Build.0 = Release|Any CPU
		{D6569BA5-350C-4A7A-B23C-5E9FCAA6DF21}.Release|x86.ActiveCfg = Release|Any CPU
		{AE021F3A-24BE-434B-832A-4AEF4F808FB5}.Debug|Any CPU.ActiveCfg = Debug|x86
		{AE021F3A-24BE-434B-832A-4AEF4F808FB5}.Debug|Mixed Platforms.ActiveCfg = Debug|x86
		{AE021F3A-24BE-434B-832A-4AEF4F808FB5}.Debug|Mixed Platforms.Build.0 = Debug|x86
		{AE021F3A-24BE-434B-832A-4AEF4F808FB5}.Debug|x86.ActiveCfg = Debug|x86
		{AE021F3A-24BE-434B-832A-4AEF4F808FB5}.Debug|x86.Build.0 = Debug|x86
		{AE021F3A-24BE-434B-832A-4AEF4F808FB5}.Release|Any CPU.ActiveCfg = Release|x86
		{AE021F3A-24BE-434B-832A-4AEF4F808FB5}.Release|Mixed Platforms.ActiveCfg = Release|x86
		{AE021F3A-24BE-434B-832A-4AEF4F808FB5}.Release|Mixed Platforms.Build.0 = Release|x86
		{AE021F3A-24BE-434B-832A-4AEF4F808FB5}.Release|x86.ActiveCfg = Release|x86
		{AE021F3A-24BE-434B-832A-4AEF4F808FB5}.Release|x86.Build.0 = Release|x86
		{1E41E392-39A5-4B56-84FD-D0C818200709}.Debug|Any CPU.ActiveCfg = Debug|Any CPU
		{1E41E392-39A5-4B56-84FD-D0C818200709}.Debug|Any CPU.Build.0 = Debug|Any CPU
		{1E41E392-39A5-4B56-84FD-D0C818200709}.Debug|Mixed Platforms.ActiveCfg = Debug|Any CPU
		{1E41E392-39A5-4B56-84FD-D0C818200709}.Debug|x86.ActiveCfg = Debug|Any CPU
		{1E41E392-39A5-4B56-84FD-D0C818200709}.Release|Any CPU.ActiveCfg = Release|Any CPU
		{1E41E392-39A5-4B56-84FD-D0C818200709}.Release|Any CPU.Build.0 = Release|Any CPU
		{1E41E392-39A5-4B56-84FD-D0C818200709}.Release|Mixed Platforms.ActiveCfg = Release|Any CPU
		{1E41E392-39A5-4B56-84FD-D0C818200709}.Release|Mixed Platforms.Build.0 = Release|Any CPU
		{1E41E392-39A5-4B56-84FD-D0C818200709}.Release|x86.ActiveCfg = Release|Any CPU
		{69CA96F0-9303-47C9-B91C-C7D2EEFBE9AA}.Debug|Any CPU.ActiveCfg = Debug|x86
		{69CA96F0-9303-47C9-B91C-C7D2EEFBE9AA}.Debug|Mixed Platforms.ActiveCfg = Debug|x86
		{69CA96F0-9303-47C9-B91C-C7D2EEFBE9AA}.Debug|Mixed Platforms.Build.0 = Debug|x86
		{69CA96F0-9303-47C9-B91C-C7D2EEFBE9AA}.Debug|x86.ActiveCfg = Debug|x86
		{69CA96F0-9303-47C9-B91C-C7D2EEFBE9AA}.Debug|x86.Build.0 = Debug|x86
		{69CA96F0-9303-47C9-B91C-C7D2EEFBE9AA}.Release|Any CPU.ActiveCfg = Debug|x86
		{69CA96F0-9303-47C9-B91C-C7D2EEFBE9AA}.Release|Mixed Platforms.ActiveCfg = Debug|x86
		{69CA96F0-9303-47C9-B91C-C7D2EEFBE9AA}.Release|Mixed Platforms.Build.0 = Debug|x86
		{69CA96F0-9303-47C9-B91C-C7D2EEFBE9AA}.Release|x86.ActiveCfg = Debug|x86
		{69CA96F0-9303-47C9-B91C-C7D2EEFBE9AA}.Release|x86.Build.0 = Debug|x86
		{6EB7F82C-CA6D-4BA8-AE0A-0FEA5451A4B9}.Debug|Any CPU.ActiveCfg = Debug|Any CPU
		{6EB7F82C-CA6D-4BA8-AE0A-0FEA5451A4B9}.Debug|Any CPU.Build.0 = Debug|Any CPU
		{6EB7F82C-CA6D-4BA8-AE0A-0FEA5451A4B9}.Debug|Mixed Platforms.ActiveCfg = Debug|Any CPU
		{6EB7F82C-CA6D-4BA8-AE0A-0FEA5451A4B9}.Debug|Mixed Platforms.Build.0 = Debug|Any CPU
		{6EB7F82C-CA6D-4BA8-AE0A-0FEA5451A4B9}.Debug|x86.ActiveCfg = Debug|Any CPU
		{6EB7F82C-CA6D-4BA8-AE0A-0FEA5451A4B9}.Release|Any CPU.ActiveCfg = Release|Any CPU
		{6EB7F82C-CA6D-4BA8-AE0A-0FEA5451A4B9}.Release|Any CPU.Build.0 = Release|Any CPU
		{6EB7F82C-CA6D-4BA8-AE0A-0FEA5451A4B9}.Release|Mixed Platforms.ActiveCfg = Release|Any CPU
		{6EB7F82C-CA6D-4BA8-AE0A-0FEA5451A4B9}.Release|Mixed Platforms.Build.0 = Release|Any CPU
		{6EB7F82C-CA6D-4BA8-AE0A-0FEA5451A4B9}.Release|x86.ActiveCfg = Release|Any CPU
		{F90913DF-8E39-41EE-8A5B-5F72AF35A397}.Debug|Any CPU.ActiveCfg = Debug|Any CPU
		{F90913DF-8E39-41EE-8A5B-5F72AF35A397}.Debug|Any CPU.Build.0 = Debug|Any CPU
		{F90913DF-8E39-41EE-8A5B-5F72AF35A397}.Debug|Mixed Platforms.ActiveCfg = Debug|Any CPU
		{F90913DF-8E39-41EE-8A5B-5F72AF35A397}.Debug|Mixed Platforms.Build.0 = Debug|Any CPU
		{F90913DF-8E39-41EE-8A5B-5F72AF35A397}.Debug|x86.ActiveCfg = Debug|Any CPU
		{F90913DF-8E39-41EE-8A5B-5F72AF35A397}.Release|Any CPU.ActiveCfg = Release|Any CPU
		{F90913DF-8E39-41EE-8A5B-5F72AF35A397}.Release|Any CPU.Build.0 = Release|Any CPU
		{F90913DF-8E39-41EE-8A5B-5F72AF35A397}.Release|Mixed Platforms.ActiveCfg = Release|Any CPU
		{F90913DF-8E39-41EE-8A5B-5F72AF35A397}.Release|Mixed Platforms.Build.0 = Release|Any CPU
		{F90913DF-8E39-41EE-8A5B-5F72AF35A397}.Release|x86.ActiveCfg = Release|Any CPU
		{5384CE57-1F94-4D22-860D-2E9C1AC12DDF}.Debug|Any CPU.ActiveCfg = Debug|Any CPU
		{5384CE57-1F94-4D22-860D-2E9C1AC12DDF}.Debug|Any CPU.Build.0 = Debug|Any CPU
		{5384CE57-1F94-4D22-860D-2E9C1AC12DDF}.Debug|Mixed Platforms.ActiveCfg = Debug|Any CPU
		{5384CE57-1F94-4D22-860D-2E9C1AC12DDF}.Debug|Mixed Platforms.Build.0 = Debug|Any CPU
		{5384CE57-1F94-4D22-860D-2E9C1AC12DDF}.Debug|x86.ActiveCfg = Debug|Any CPU
		{5384CE57-1F94-4D22-860D-2E9C1AC12DDF}.Release|Any CPU.ActiveCfg = Release|Any CPU
		{5384CE57-1F94-4D22-860D-2E9C1AC12DDF}.Release|Any CPU.Build.0 = Release|Any CPU
		{5384CE57-1F94-4D22-860D-2E9C1AC12DDF}.Release|Mixed Platforms.ActiveCfg = Release|Any CPU
		{5384CE57-1F94-4D22-860D-2E9C1AC12DDF}.Release|Mixed Platforms.Build.0 = Release|Any CPU
		{5384CE57-1F94-4D22-860D-2E9C1AC12DDF}.Release|x86.ActiveCfg = Release|Any CPU
		{5BBEFC9F-BF24-42B2-8BE6-09E19DB5357C}.Debug|Any CPU.ActiveCfg = Debug|Any CPU
		{5BBEFC9F-BF24-42B2-8BE6-09E19DB5357C}.Debug|Any CPU.Build.0 = Debug|Any CPU
		{5BBEFC9F-BF24-42B2-8BE6-09E19DB5357C}.Debug|Mixed Platforms.ActiveCfg = Debug|Any CPU
		{5BBEFC9F-BF24-42B2-8BE6-09E19DB5357C}.Debug|Mixed Platforms.Build.0 = Debug|Any CPU
		{5BBEFC9F-BF24-42B2-8BE6-09E19DB5357C}.Debug|x86.ActiveCfg = Debug|Any CPU
		{5BBEFC9F-BF24-42B2-8BE6-09E19DB5357C}.Release|Any CPU.ActiveCfg = Release|Any CPU
		{5BBEFC9F-BF24-42B2-8BE6-09E19DB5357C}.Release|Any CPU.Build.0 = Release|Any CPU
		{5BBEFC9F-BF24-42B2-8BE6-09E19DB5357C}.Release|Mixed Platforms.ActiveCfg = Release|Any CPU
		{5BBEFC9F-BF24-42B2-8BE6-09E19DB5357C}.Release|Mixed Platforms.Build.0 = Release|Any CPU
		{5BBEFC9F-BF24-42B2-8BE6-09E19DB5357C}.Release|x86.ActiveCfg = Release|Any CPU
		{890837F6-2F9E-482E-A395-9330D92A1070}.Debug|Any CPU.ActiveCfg = Debug|Any CPU
		{890837F6-2F9E-482E-A395-9330D92A1070}.Debug|Any CPU.Build.0 = Debug|Any CPU
		{890837F6-2F9E-482E-A395-9330D92A1070}.Debug|Mixed Platforms.ActiveCfg = Debug|Any CPU
		{890837F6-2F9E-482E-A395-9330D92A1070}.Debug|Mixed Platforms.Build.0 = Debug|Any CPU
		{890837F6-2F9E-482E-A395-9330D92A1070}.Debug|x86.ActiveCfg = Debug|Any CPU
		{890837F6-2F9E-482E-A395-9330D92A1070}.Release|Any CPU.ActiveCfg = Release|Any CPU
		{890837F6-2F9E-482E-A395-9330D92A1070}.Release|Any CPU.Build.0 = Release|Any CPU
		{890837F6-2F9E-482E-A395-9330D92A1070}.Release|Mixed Platforms.ActiveCfg = Release|Any CPU
		{890837F6-2F9E-482E-A395-9330D92A1070}.Release|Mixed Platforms.Build.0 = Release|Any CPU
		{890837F6-2F9E-482E-A395-9330D92A1070}.Release|x86.ActiveCfg = Release|Any CPU
		{07855637-6DC5-4515-B1DB-D49BF498D933}.Debug|Any CPU.ActiveCfg = Debug|Any CPU
		{07855637-6DC5-4515-B1DB-D49BF498D933}.Debug|Any CPU.Build.0 = Debug|Any CPU
		{07855637-6DC5-4515-B1DB-D49BF498D933}.Debug|Mixed Platforms.ActiveCfg = Debug|Any CPU
		{07855637-6DC5-4515-B1DB-D49BF498D933}.Debug|Mixed Platforms.Build.0 = Debug|Any CPU
		{07855637-6DC5-4515-B1DB-D49BF498D933}.Debug|x86.ActiveCfg = Debug|Any CPU
		{07855637-6DC5-4515-B1DB-D49BF498D933}.Release|Any CPU.ActiveCfg = Release|Any CPU
		{07855637-6DC5-4515-B1DB-D49BF498D933}.Release|Any CPU.Build.0 = Release|Any CPU
		{07855637-6DC5-4515-B1DB-D49BF498D933}.Release|Mixed Platforms.ActiveCfg = Release|Any CPU
		{07855637-6DC5-4515-B1DB-D49BF498D933}.Release|Mixed Platforms.Build.0 = Release|Any CPU
		{07855637-6DC5-4515-B1DB-D49BF498D933}.Release|x86.ActiveCfg = Release|Any CPU
		{CEFDB921-6203-4CAA-88E2-A8A429CFF0C0}.Debug|Any CPU.ActiveCfg = Debug|Any CPU
		{CEFDB921-6203-4CAA-88E2-A8A429CFF0C0}.Debug|Any CPU.Build.0 = Debug|Any CPU
		{CEFDB921-6203-4CAA-88E2-A8A429CFF0C0}.Debug|Mixed Platforms.ActiveCfg = Debug|Any CPU
		{CEFDB921-6203-4CAA-88E2-A8A429CFF0C0}.Debug|Mixed Platforms.Build.0 = Debug|Any CPU
		{CEFDB921-6203-4CAA-88E2-A8A429CFF0C0}.Debug|x86.ActiveCfg = Debug|Any CPU
		{CEFDB921-6203-4CAA-88E2-A8A429CFF0C0}.Release|Any CPU.ActiveCfg = Release|Any CPU
		{CEFDB921-6203-4CAA-88E2-A8A429CFF0C0}.Release|Any CPU.Build.0 = Release|Any CPU
		{CEFDB921-6203-4CAA-88E2-A8A429CFF0C0}.Release|Mixed Platforms.ActiveCfg = Release|Any CPU
		{CEFDB921-6203-4CAA-88E2-A8A429CFF0C0}.Release|Mixed Platforms.Build.0 = Release|Any CPU
		{CEFDB921-6203-4CAA-88E2-A8A429CFF0C0}.Release|x86.ActiveCfg = Release|Any CPU
		{7B8F6C61-D5F3-4DAC-9CD8-1D7B0A17406A}.Debug|Any CPU.ActiveCfg = Debug|Any CPU
		{7B8F6C61-D5F3-4DAC-9CD8-1D7B0A17406A}.Debug|Any CPU.Build.0 = Debug|Any CPU
		{7B8F6C61-D5F3-4DAC-9CD8-1D7B0A17406A}.Debug|Mixed Platforms.ActiveCfg = Debug|Any CPU
		{7B8F6C61-D5F3-4DAC-9CD8-1D7B0A17406A}.Debug|Mixed Platforms.Build.0 = Debug|Any CPU
		{7B8F6C61-D5F3-4DAC-9CD8-1D7B0A17406A}.Debug|x86.ActiveCfg = Debug|Any CPU
		{7B8F6C61-D5F3-4DAC-9CD8-1D7B0A17406A}.Release|Any CPU.ActiveCfg = Release|Any CPU
		{7B8F6C61-D5F3-4DAC-9CD8-1D7B0A17406A}.Release|Any CPU.Build.0 = Release|Any CPU
		{7B8F6C61-D5F3-4DAC-9CD8-1D7B0A17406A}.Release|Mixed Platforms.ActiveCfg = Release|Any CPU
		{7B8F6C61-D5F3-4DAC-9CD8-1D7B0A17406A}.Release|Mixed Platforms.Build.0 = Release|Any CPU
		{7B8F6C61-D5F3-4DAC-9CD8-1D7B0A17406A}.Release|x86.ActiveCfg = Release|Any CPU
		{FB9E7E6B-B19F-4F37-A708-2996190CEF13}.Debug|Any CPU.ActiveCfg = Debug|Any CPU
		{FB9E7E6B-B19F-4F37-A708-2996190CEF13}.Debug|Any CPU.Build.0 = Debug|Any CPU
		{FB9E7E6B-B19F-4F37-A708-2996190CEF13}.Debug|Mixed Platforms.ActiveCfg = Debug|Any CPU
		{FB9E7E6B-B19F-4F37-A708-2996190CEF13}.Debug|Mixed Platforms.Build.0 = Debug|Any CPU
		{FB9E7E6B-B19F-4F37-A708-2996190CEF13}.Debug|x86.ActiveCfg = Debug|Any CPU
		{FB9E7E6B-B19F-4F37-A708-2996190CEF13}.Release|Any CPU.ActiveCfg = Release|Any CPU
		{FB9E7E6B-B19F-4F37-A708-2996190CEF13}.Release|Any CPU.Build.0 = Release|Any CPU
		{FB9E7E6B-B19F-4F37-A708-2996190CEF13}.Release|Mixed Platforms.ActiveCfg = Release|Any CPU
		{FB9E7E6B-B19F-4F37-A708-2996190CEF13}.Release|Mixed Platforms.Build.0 = Release|Any CPU
		{FB9E7E6B-B19F-4F37-A708-2996190CEF13}.Release|x86.ActiveCfg = Release|Any CPU
		{67912BDA-1572-46B0-8623-5872D9DADBC8}.Debug|Any CPU.ActiveCfg = Debug|Any CPU
		{67912BDA-1572-46B0-8623-5872D9DADBC8}.Debug|Any CPU.Build.0 = Debug|Any CPU
		{67912BDA-1572-46B0-8623-5872D9DADBC8}.Debug|Mixed Platforms.ActiveCfg = Debug|Any CPU
		{67912BDA-1572-46B0-8623-5872D9DADBC8}.Debug|Mixed Platforms.Build.0 = Debug|Any CPU
		{67912BDA-1572-46B0-8623-5872D9DADBC8}.Debug|x86.ActiveCfg = Debug|Any CPU
		{67912BDA-1572-46B0-8623-5872D9DADBC8}.Release|Any CPU.ActiveCfg = Release|Any CPU
		{67912BDA-1572-46B0-8623-5872D9DADBC8}.Release|Any CPU.Build.0 = Release|Any CPU
		{67912BDA-1572-46B0-8623-5872D9DADBC8}.Release|Mixed Platforms.ActiveCfg = Release|Any CPU
		{67912BDA-1572-46B0-8623-5872D9DADBC8}.Release|Mixed Platforms.Build.0 = Release|Any CPU
		{67912BDA-1572-46B0-8623-5872D9DADBC8}.Release|x86.ActiveCfg = Release|Any CPU
		{06301824-D367-4DBF-9498-7936675DD008}.Debug|Any CPU.ActiveCfg = Debug|Any CPU
		{06301824-D367-4DBF-9498-7936675DD008}.Debug|Any CPU.Build.0 = Debug|Any CPU
		{06301824-D367-4DBF-9498-7936675DD008}.Debug|Mixed Platforms.ActiveCfg = Debug|Any CPU
		{06301824-D367-4DBF-9498-7936675DD008}.Debug|Mixed Platforms.Build.0 = Debug|Any CPU
		{06301824-D367-4DBF-9498-7936675DD008}.Debug|x86.ActiveCfg = Debug|Any CPU
		{06301824-D367-4DBF-9498-7936675DD008}.Release|Any CPU.ActiveCfg = Release|Any CPU
		{06301824-D367-4DBF-9498-7936675DD008}.Release|Any CPU.Build.0 = Release|Any CPU
		{06301824-D367-4DBF-9498-7936675DD008}.Release|Mixed Platforms.ActiveCfg = Release|Any CPU
		{06301824-D367-4DBF-9498-7936675DD008}.Release|Mixed Platforms.Build.0 = Release|Any CPU
		{06301824-D367-4DBF-9498-7936675DD008}.Release|x86.ActiveCfg = Release|Any CPU
		{EBF4F4DC-392E-4CE6-8B2F-780E1F52AF04}.Debug|Any CPU.ActiveCfg = Debug|Any CPU
		{EBF4F4DC-392E-4CE6-8B2F-780E1F52AF04}.Debug|Any CPU.Build.0 = Debug|Any CPU
		{EBF4F4DC-392E-4CE6-8B2F-780E1F52AF04}.Debug|Mixed Platforms.ActiveCfg = Debug|Any CPU
		{EBF4F4DC-392E-4CE6-8B2F-780E1F52AF04}.Debug|Mixed Platforms.Build.0 = Debug|Any CPU
		{EBF4F4DC-392E-4CE6-8B2F-780E1F52AF04}.Debug|x86.ActiveCfg = Debug|Any CPU
		{EBF4F4DC-392E-4CE6-8B2F-780E1F52AF04}.Release|Any CPU.ActiveCfg = Release|Any CPU
		{EBF4F4DC-392E-4CE6-8B2F-780E1F52AF04}.Release|Any CPU.Build.0 = Release|Any CPU
		{EBF4F4DC-392E-4CE6-8B2F-780E1F52AF04}.Release|Mixed Platforms.ActiveCfg = Release|Any CPU
		{EBF4F4DC-392E-4CE6-8B2F-780E1F52AF04}.Release|Mixed Platforms.Build.0 = Release|Any CPU
		{EBF4F4DC-392E-4CE6-8B2F-780E1F52AF04}.Release|x86.ActiveCfg = Release|Any CPU
		{3D8281CB-23C4-4576-9374-34FCFFB64F60}.Debug|Any CPU.ActiveCfg = Debug|Any CPU
		{3D8281CB-23C4-4576-9374-34FCFFB64F60}.Debug|Any CPU.Build.0 = Debug|Any CPU
		{3D8281CB-23C4-4576-9374-34FCFFB64F60}.Debug|Mixed Platforms.ActiveCfg = Debug|Any CPU
		{3D8281CB-23C4-4576-9374-34FCFFB64F60}.Debug|Mixed Platforms.Build.0 = Debug|Any CPU
		{3D8281CB-23C4-4576-9374-34FCFFB64F60}.Debug|x86.ActiveCfg = Debug|Any CPU
		{3D8281CB-23C4-4576-9374-34FCFFB64F60}.Release|Any CPU.ActiveCfg = Release|Any CPU
		{3D8281CB-23C4-4576-9374-34FCFFB64F60}.Release|Any CPU.Build.0 = Release|Any CPU
		{3D8281CB-23C4-4576-9374-34FCFFB64F60}.Release|Mixed Platforms.ActiveCfg = Release|Any CPU
		{3D8281CB-23C4-4576-9374-34FCFFB64F60}.Release|Mixed Platforms.Build.0 = Release|Any CPU
		{3D8281CB-23C4-4576-9374-34FCFFB64F60}.Release|x86.ActiveCfg = Release|Any CPU
		{7006D4DA-D71A-40F4-B5AF-439D68D78980}.Debug|Any CPU.ActiveCfg = Debug|x86
		{7006D4DA-D71A-40F4-B5AF-439D68D78980}.Debug|Mixed Platforms.ActiveCfg = Debug|x86
		{7006D4DA-D71A-40F4-B5AF-439D68D78980}.Debug|x86.ActiveCfg = Debug|x86
		{7006D4DA-D71A-40F4-B5AF-439D68D78980}.Debug|x86.Build.0 = Debug|x86
		{7006D4DA-D71A-40F4-B5AF-439D68D78980}.Release|Any CPU.ActiveCfg = Release|x86
		{7006D4DA-D71A-40F4-B5AF-439D68D78980}.Release|Mixed Platforms.ActiveCfg = Release|x86
		{7006D4DA-D71A-40F4-B5AF-439D68D78980}.Release|Mixed Platforms.Build.0 = Release|x86
		{7006D4DA-D71A-40F4-B5AF-439D68D78980}.Release|x86.ActiveCfg = Release|x86
		{7006D4DA-D71A-40F4-B5AF-439D68D78980}.Release|x86.Build.0 = Release|x86
		{EC18ABBD-0348-40FC-9037-0A89621CD4F4}.Debug|Any CPU.ActiveCfg = Debug|x86
		{EC18ABBD-0348-40FC-9037-0A89621CD4F4}.Debug|Mixed Platforms.ActiveCfg = Debug|x86
		{EC18ABBD-0348-40FC-9037-0A89621CD4F4}.Debug|x86.ActiveCfg = Debug|x86
		{EC18ABBD-0348-40FC-9037-0A89621CD4F4}.Debug|x86.Build.0 = Debug|x86
		{EC18ABBD-0348-40FC-9037-0A89621CD4F4}.Release|Any CPU.ActiveCfg = Release|x86
		{EC18ABBD-0348-40FC-9037-0A89621CD4F4}.Release|Mixed Platforms.ActiveCfg = Release|x86
		{EC18ABBD-0348-40FC-9037-0A89621CD4F4}.Release|Mixed Platforms.Build.0 = Release|x86
		{EC18ABBD-0348-40FC-9037-0A89621CD4F4}.Release|x86.ActiveCfg = Release|x86
		{EC18ABBD-0348-40FC-9037-0A89621CD4F4}.Release|x86.Build.0 = Release|x86
		{25CB14B3-3A63-4B29-8364-778D49623740}.Debug|Any CPU.ActiveCfg = Debug|Any CPU
		{25CB14B3-3A63-4B29-8364-778D49623740}.Debug|Any CPU.Build.0 = Debug|Any CPU
		{25CB14B3-3A63-4B29-8364-778D49623740}.Debug|Mixed Platforms.ActiveCfg = Debug|Any CPU
		{25CB14B3-3A63-4B29-8364-778D49623740}.Debug|Mixed Platforms.Build.0 = Debug|Any CPU
		{25CB14B3-3A63-4B29-8364-778D49623740}.Debug|x86.ActiveCfg = Debug|Any CPU
		{25CB14B3-3A63-4B29-8364-778D49623740}.Release|Any CPU.ActiveCfg = Release|Any CPU
		{25CB14B3-3A63-4B29-8364-778D49623740}.Release|Any CPU.Build.0 = Release|Any CPU
		{25CB14B3-3A63-4B29-8364-778D49623740}.Release|Mixed Platforms.ActiveCfg = Release|Any CPU
		{25CB14B3-3A63-4B29-8364-778D49623740}.Release|Mixed Platforms.Build.0 = Release|Any CPU
		{25CB14B3-3A63-4B29-8364-778D49623740}.Release|x86.ActiveCfg = Release|Any CPU
		{CD7E364D-E59F-4F58-8E29-4B7DCDE35567}.Debug|Any CPU.ActiveCfg = Debug|Any CPU
		{CD7E364D-E59F-4F58-8E29-4B7DCDE35567}.Debug|Any CPU.Build.0 = Debug|Any CPU
		{CD7E364D-E59F-4F58-8E29-4B7DCDE35567}.Debug|Mixed Platforms.ActiveCfg = Debug|Any CPU
		{CD7E364D-E59F-4F58-8E29-4B7DCDE35567}.Debug|Mixed Platforms.Build.0 = Debug|Any CPU
		{CD7E364D-E59F-4F58-8E29-4B7DCDE35567}.Debug|x86.ActiveCfg = Debug|Any CPU
		{CD7E364D-E59F-4F58-8E29-4B7DCDE35567}.Release|Any CPU.ActiveCfg = Release|Any CPU
		{CD7E364D-E59F-4F58-8E29-4B7DCDE35567}.Release|Any CPU.Build.0 = Release|Any CPU
		{CD7E364D-E59F-4F58-8E29-4B7DCDE35567}.Release|Mixed Platforms.ActiveCfg = Release|Any CPU
		{CD7E364D-E59F-4F58-8E29-4B7DCDE35567}.Release|Mixed Platforms.Build.0 = Release|Any CPU
		{CD7E364D-E59F-4F58-8E29-4B7DCDE35567}.Release|x86.ActiveCfg = Release|Any CPU
		{F7444A90-9680-44E3-AD65-7ED5443D4403}.Debug|Any CPU.ActiveCfg = Debug|Any CPU
		{F7444A90-9680-44E3-AD65-7ED5443D4403}.Debug|Any CPU.Build.0 = Debug|Any CPU
		{F7444A90-9680-44E3-AD65-7ED5443D4403}.Debug|Mixed Platforms.ActiveCfg = Debug|Any CPU
		{F7444A90-9680-44E3-AD65-7ED5443D4403}.Debug|Mixed Platforms.Build.0 = Debug|Any CPU
		{F7444A90-9680-44E3-AD65-7ED5443D4403}.Debug|x86.ActiveCfg = Debug|Any CPU
		{F7444A90-9680-44E3-AD65-7ED5443D4403}.Release|Any CPU.ActiveCfg = Release|Any CPU
		{F7444A90-9680-44E3-AD65-7ED5443D4403}.Release|Any CPU.Build.0 = Release|Any CPU
		{F7444A90-9680-44E3-AD65-7ED5443D4403}.Release|Mixed Platforms.ActiveCfg = Release|Any CPU
		{F7444A90-9680-44E3-AD65-7ED5443D4403}.Release|Mixed Platforms.Build.0 = Release|Any CPU
		{F7444A90-9680-44E3-AD65-7ED5443D4403}.Release|x86.ActiveCfg = Release|Any CPU
		{831A9A61-99A0-40AD-953D-99A677F2CA1C}.Debug|Any CPU.ActiveCfg = Debug|Any CPU
		{831A9A61-99A0-40AD-953D-99A677F2CA1C}.Debug|Any CPU.Build.0 = Debug|Any CPU
		{831A9A61-99A0-40AD-953D-99A677F2CA1C}.Debug|Mixed Platforms.ActiveCfg = Debug|Any CPU
		{831A9A61-99A0-40AD-953D-99A677F2CA1C}.Debug|Mixed Platforms.Build.0 = Debug|Any CPU
		{831A9A61-99A0-40AD-953D-99A677F2CA1C}.Debug|x86.ActiveCfg = Debug|Any CPU
		{831A9A61-99A0-40AD-953D-99A677F2CA1C}.Release|Any CPU.ActiveCfg = Release|Any CPU
		{831A9A61-99A0-40AD-953D-99A677F2CA1C}.Release|Any CPU.Build.0 = Release|Any CPU
		{831A9A61-99A0-40AD-953D-99A677F2CA1C}.Release|Mixed Platforms.ActiveCfg = Release|Any CPU
		{831A9A61-99A0-40AD-953D-99A677F2CA1C}.Release|Mixed Platforms.Build.0 = Release|Any CPU
		{831A9A61-99A0-40AD-953D-99A677F2CA1C}.Release|x86.ActiveCfg = Release|Any CPU
		{2175F59B-D0E0-4619-805B-5D152C597175}.Debug|Any CPU.ActiveCfg = Debug|Any CPU
		{2175F59B-D0E0-4619-805B-5D152C597175}.Debug|Any CPU.Build.0 = Debug|Any CPU
		{2175F59B-D0E0-4619-805B-5D152C597175}.Debug|Mixed Platforms.ActiveCfg = Debug|Any CPU
		{2175F59B-D0E0-4619-805B-5D152C597175}.Debug|Mixed Platforms.Build.0 = Debug|Any CPU
		{2175F59B-D0E0-4619-805B-5D152C597175}.Debug|x86.ActiveCfg = Debug|Any CPU
		{2175F59B-D0E0-4619-805B-5D152C597175}.Release|Any CPU.ActiveCfg = Release|Any CPU
		{2175F59B-D0E0-4619-805B-5D152C597175}.Release|Any CPU.Build.0 = Release|Any CPU
		{2175F59B-D0E0-4619-805B-5D152C597175}.Release|Mixed Platforms.ActiveCfg = Release|Any CPU
		{2175F59B-D0E0-4619-805B-5D152C597175}.Release|Mixed Platforms.Build.0 = Release|Any CPU
		{2175F59B-D0E0-4619-805B-5D152C597175}.Release|x86.ActiveCfg = Release|Any CPU
		{19EF75B2-B414-4EB0-9486-160FAF93E62C}.Debug|Any CPU.ActiveCfg = Debug|Any CPU
		{19EF75B2-B414-4EB0-9486-160FAF93E62C}.Debug|Any CPU.Build.0 = Debug|Any CPU
		{19EF75B2-B414-4EB0-9486-160FAF93E62C}.Debug|Mixed Platforms.ActiveCfg = Debug|Any CPU
		{19EF75B2-B414-4EB0-9486-160FAF93E62C}.Debug|Mixed Platforms.Build.0 = Debug|Any CPU
		{19EF75B2-B414-4EB0-9486-160FAF93E62C}.Debug|x86.ActiveCfg = Debug|Any CPU
		{19EF75B2-B414-4EB0-9486-160FAF93E62C}.Release|Any CPU.ActiveCfg = Release|Any CPU
		{19EF75B2-B414-4EB0-9486-160FAF93E62C}.Release|Any CPU.Build.0 = Release|Any CPU
		{19EF75B2-B414-4EB0-9486-160FAF93E62C}.Release|Mixed Platforms.ActiveCfg = Release|Any CPU
		{19EF75B2-B414-4EB0-9486-160FAF93E62C}.Release|Mixed Platforms.Build.0 = Release|Any CPU
		{19EF75B2-B414-4EB0-9486-160FAF93E62C}.Release|x86.ActiveCfg = Release|Any CPU
		{BA13E2F0-4CF8-44C1-AF09-7948CFF380EA}.Debug|Any CPU.ActiveCfg = Debug|Any CPU
		{BA13E2F0-4CF8-44C1-AF09-7948CFF380EA}.Debug|Any CPU.Build.0 = Debug|Any CPU
		{BA13E2F0-4CF8-44C1-AF09-7948CFF380EA}.Debug|Mixed Platforms.ActiveCfg = Debug|Any CPU
		{BA13E2F0-4CF8-44C1-AF09-7948CFF380EA}.Debug|Mixed Platforms.Build.0 = Debug|Any CPU
		{BA13E2F0-4CF8-44C1-AF09-7948CFF380EA}.Debug|x86.ActiveCfg = Debug|Any CPU
		{BA13E2F0-4CF8-44C1-AF09-7948CFF380EA}.Release|Any CPU.ActiveCfg = Release|Any CPU
		{BA13E2F0-4CF8-44C1-AF09-7948CFF380EA}.Release|Any CPU.Build.0 = Release|Any CPU
		{BA13E2F0-4CF8-44C1-AF09-7948CFF380EA}.Release|Mixed Platforms.ActiveCfg = Release|Any CPU
		{BA13E2F0-4CF8-44C1-AF09-7948CFF380EA}.Release|Mixed Platforms.Build.0 = Release|Any CPU
		{BA13E2F0-4CF8-44C1-AF09-7948CFF380EA}.Release|x86.ActiveCfg = Release|Any CPU
		{AA8846CF-F71C-4C1E-991D-85877A433E65}.Debug|Any CPU.ActiveCfg = Debug|Any CPU
		{AA8846CF-F71C-4C1E-991D-85877A433E65}.Debug|Any CPU.Build.0 = Debug|Any CPU
		{AA8846CF-F71C-4C1E-991D-85877A433E65}.Debug|Mixed Platforms.ActiveCfg = Debug|Any CPU
		{AA8846CF-F71C-4C1E-991D-85877A433E65}.Debug|Mixed Platforms.Build.0 = Debug|Any CPU
		{AA8846CF-F71C-4C1E-991D-85877A433E65}.Debug|x86.ActiveCfg = Debug|Any CPU
		{AA8846CF-F71C-4C1E-991D-85877A433E65}.Release|Any CPU.ActiveCfg = Release|Any CPU
		{AA8846CF-F71C-4C1E-991D-85877A433E65}.Release|Any CPU.Build.0 = Release|Any CPU
		{AA8846CF-F71C-4C1E-991D-85877A433E65}.Release|Mixed Platforms.ActiveCfg = Release|Any CPU
		{AA8846CF-F71C-4C1E-991D-85877A433E65}.Release|Mixed Platforms.Build.0 = Release|Any CPU
		{AA8846CF-F71C-4C1E-991D-85877A433E65}.Release|x86.ActiveCfg = Release|Any CPU
		{9450BD47-9A69-4C57-BF7B-F95C24C0DCA9}.Debug|Any CPU.ActiveCfg = Debug|Any CPU
		{9450BD47-9A69-4C57-BF7B-F95C24C0DCA9}.Debug|Any CPU.Build.0 = Debug|Any CPU
		{9450BD47-9A69-4C57-BF7B-F95C24C0DCA9}.Debug|Mixed Platforms.ActiveCfg = Debug|Any CPU
		{9450BD47-9A69-4C57-BF7B-F95C24C0DCA9}.Debug|Mixed Platforms.Build.0 = Debug|Any CPU
		{9450BD47-9A69-4C57-BF7B-F95C24C0DCA9}.Debug|x86.ActiveCfg = Debug|Any CPU
		{9450BD47-9A69-4C57-BF7B-F95C24C0DCA9}.Release|Any CPU.ActiveCfg = Release|Any CPU
		{9450BD47-9A69-4C57-BF7B-F95C24C0DCA9}.Release|Any CPU.Build.0 = Release|Any CPU
		{9450BD47-9A69-4C57-BF7B-F95C24C0DCA9}.Release|Mixed Platforms.ActiveCfg = Release|Any CPU
		{9450BD47-9A69-4C57-BF7B-F95C24C0DCA9}.Release|Mixed Platforms.Build.0 = Release|Any CPU
		{9450BD47-9A69-4C57-BF7B-F95C24C0DCA9}.Release|x86.ActiveCfg = Release|Any CPU
		{0FD9B6FE-B59B-4EF5-A195-8B7F7AFD478C}.Debug|Any CPU.ActiveCfg = Debug|Any CPU
		{0FD9B6FE-B59B-4EF5-A195-8B7F7AFD478C}.Debug|Any CPU.Build.0 = Debug|Any CPU
		{0FD9B6FE-B59B-4EF5-A195-8B7F7AFD478C}.Debug|Mixed Platforms.ActiveCfg = Debug|Any CPU
		{0FD9B6FE-B59B-4EF5-A195-8B7F7AFD478C}.Debug|Mixed Platforms.Build.0 = Debug|Any CPU
		{0FD9B6FE-B59B-4EF5-A195-8B7F7AFD478C}.Debug|x86.ActiveCfg = Debug|Any CPU
		{0FD9B6FE-B59B-4EF5-A195-8B7F7AFD478C}.Release|Any CPU.ActiveCfg = Release|Any CPU
		{0FD9B6FE-B59B-4EF5-A195-8B7F7AFD478C}.Release|Any CPU.Build.0 = Release|Any CPU
		{0FD9B6FE-B59B-4EF5-A195-8B7F7AFD478C}.Release|Mixed Platforms.ActiveCfg = Release|Any CPU
		{0FD9B6FE-B59B-4EF5-A195-8B7F7AFD478C}.Release|Mixed Platforms.Build.0 = Release|Any CPU
		{0FD9B6FE-B59B-4EF5-A195-8B7F7AFD478C}.Release|x86.ActiveCfg = Release|Any CPU
		{D0C5A079-789F-4F80-90E6-3366E9DE20BE}.Debug|Any CPU.ActiveCfg = Debug|Any CPU
		{D0C5A079-789F-4F80-90E6-3366E9DE20BE}.Debug|Any CPU.Build.0 = Debug|Any CPU
		{D0C5A079-789F-4F80-90E6-3366E9DE20BE}.Debug|Mixed Platforms.ActiveCfg = Debug|Any CPU
		{D0C5A079-789F-4F80-90E6-3366E9DE20BE}.Debug|Mixed Platforms.Build.0 = Debug|Any CPU
		{D0C5A079-789F-4F80-90E6-3366E9DE20BE}.Debug|x86.ActiveCfg = Debug|Any CPU
		{D0C5A079-789F-4F80-90E6-3366E9DE20BE}.Release|Any CPU.ActiveCfg = Release|Any CPU
		{D0C5A079-789F-4F80-90E6-3366E9DE20BE}.Release|Any CPU.Build.0 = Release|Any CPU
		{D0C5A079-789F-4F80-90E6-3366E9DE20BE}.Release|Mixed Platforms.ActiveCfg = Release|Any CPU
		{D0C5A079-789F-4F80-90E6-3366E9DE20BE}.Release|Mixed Platforms.Build.0 = Release|Any CPU
		{D0C5A079-789F-4F80-90E6-3366E9DE20BE}.Release|x86.ActiveCfg = Release|Any CPU
		{020AC7D1-E8FD-47CA-B162-9738FA4E2348}.Debug|Any CPU.ActiveCfg = Debug|Any CPU
		{020AC7D1-E8FD-47CA-B162-9738FA4E2348}.Debug|Any CPU.Build.0 = Debug|Any CPU
		{020AC7D1-E8FD-47CA-B162-9738FA4E2348}.Debug|Mixed Platforms.ActiveCfg = Debug|Any CPU
		{020AC7D1-E8FD-47CA-B162-9738FA4E2348}.Debug|Mixed Platforms.Build.0 = Debug|Any CPU
		{020AC7D1-E8FD-47CA-B162-9738FA4E2348}.Debug|x86.ActiveCfg = Debug|Any CPU
		{020AC7D1-E8FD-47CA-B162-9738FA4E2348}.Release|Any CPU.ActiveCfg = Release|Any CPU
		{020AC7D1-E8FD-47CA-B162-9738FA4E2348}.Release|Any CPU.Build.0 = Release|Any CPU
		{020AC7D1-E8FD-47CA-B162-9738FA4E2348}.Release|Mixed Platforms.ActiveCfg = Release|Any CPU
		{020AC7D1-E8FD-47CA-B162-9738FA4E2348}.Release|Mixed Platforms.Build.0 = Release|Any CPU
		{020AC7D1-E8FD-47CA-B162-9738FA4E2348}.Release|x86.ActiveCfg = Release|Any CPU
		{1B59FB12-699C-4927-ACA3-D7F0E0F79100}.Debug|Any CPU.ActiveCfg = Debug|Any CPU
		{1B59FB12-699C-4927-ACA3-D7F0E0F79100}.Debug|Any CPU.Build.0 = Debug|Any CPU
		{1B59FB12-699C-4927-ACA3-D7F0E0F79100}.Debug|Mixed Platforms.ActiveCfg = Debug|Any CPU
		{1B59FB12-699C-4927-ACA3-D7F0E0F79100}.Debug|Mixed Platforms.Build.0 = Debug|Any CPU
		{1B59FB12-699C-4927-ACA3-D7F0E0F79100}.Debug|x86.ActiveCfg = Debug|Any CPU
		{1B59FB12-699C-4927-ACA3-D7F0E0F79100}.Release|Any CPU.ActiveCfg = Release|Any CPU
		{1B59FB12-699C-4927-ACA3-D7F0E0F79100}.Release|Any CPU.Build.0 = Release|Any CPU
		{1B59FB12-699C-4927-ACA3-D7F0E0F79100}.Release|Mixed Platforms.ActiveCfg = Release|Any CPU
		{1B59FB12-699C-4927-ACA3-D7F0E0F79100}.Release|Mixed Platforms.Build.0 = Release|Any CPU
		{1B59FB12-699C-4927-ACA3-D7F0E0F79100}.Release|x86.ActiveCfg = Release|Any CPU
		{64CEE6D8-5FB7-434C-B329-4E1C9E19C659}.Debug|Any CPU.ActiveCfg = Debug|x86
		{64CEE6D8-5FB7-434C-B329-4E1C9E19C659}.Debug|Mixed Platforms.ActiveCfg = Debug|x86
		{64CEE6D8-5FB7-434C-B329-4E1C9E19C659}.Debug|Mixed Platforms.Build.0 = Debug|x86
		{64CEE6D8-5FB7-434C-B329-4E1C9E19C659}.Debug|x86.ActiveCfg = Debug|x86
		{64CEE6D8-5FB7-434C-B329-4E1C9E19C659}.Debug|x86.Build.0 = Debug|x86
		{64CEE6D8-5FB7-434C-B329-4E1C9E19C659}.Release|Any CPU.ActiveCfg = Release|x86
		{64CEE6D8-5FB7-434C-B329-4E1C9E19C659}.Release|Mixed Platforms.ActiveCfg = Release|x86
		{64CEE6D8-5FB7-434C-B329-4E1C9E19C659}.Release|Mixed Platforms.Build.0 = Release|x86
		{64CEE6D8-5FB7-434C-B329-4E1C9E19C659}.Release|x86.ActiveCfg = Release|x86
		{64CEE6D8-5FB7-434C-B329-4E1C9E19C659}.Release|x86.Build.0 = Release|x86
		{7806D4DA-D71A-40F4-B5AF-439D68D78980}.Debug|Any CPU.ActiveCfg = Debug|x86
		{7806D4DA-D71A-40F4-B5AF-439D68D78980}.Debug|Mixed Platforms.ActiveCfg = Debug|x86
		{7806D4DA-D71A-40F4-B5AF-439D68D78980}.Debug|Mixed Platforms.Build.0 = Debug|x86
		{7806D4DA-D71A-40F4-B5AF-439D68D78980}.Debug|x86.ActiveCfg = Debug|x86
		{7806D4DA-D71A-40F4-B5AF-439D68D78980}.Debug|x86.Build.0 = Debug|x86
		{7806D4DA-D71A-40F4-B5AF-439D68D78980}.Release|Any CPU.ActiveCfg = Release|x86
		{7806D4DA-D71A-40F4-B5AF-439D68D78980}.Release|Mixed Platforms.ActiveCfg = Release|x86
		{7806D4DA-D71A-40F4-B5AF-439D68D78980}.Release|Mixed Platforms.Build.0 = Release|x86
		{7806D4DA-D71A-40F4-B5AF-439D68D78980}.Release|x86.ActiveCfg = Release|x86
		{7806D4DA-D71A-40F4-B5AF-439D68D78980}.Release|x86.Build.0 = Release|x86
	EndGlobalSection
	GlobalSection(SolutionProperties) = preSolution
		HideSolutionNode = FALSE
	EndGlobalSection
EndGlobal
