
Microsoft Visual Studio Solution File, Format Version 11.00
# Visual Studio 2010
Project("{FAE04EC0-301F-11D3-BF4B-00C04F79EFBC}") = "BottleSlicer", "BottleSlicer.csproj", "{1991FABB-37AA-4524-AC28-1ACF4E51155A}"
EndProject
Global
	GlobalSection(SolutionConfigurationPlatforms) = preSolution
		Debug|Any CPU = Debug|Any CPU
		Release|Any CPU = Release|Any CPU
	EndGlobalSection
	GlobalSection(ProjectConfigurationPlatforms) = postSolution
		{1991FABB-37AA-4524-AC28-1ACF4E51155A}.Debug|Any CPU.ActiveCfg = Debug|Any CPU
		{1991FABB-37AA-4524-AC28-1ACF4E51155A}.Debug|Any CPU.Build.0 = Debug|Any CPU
		{1991FABB-37AA-4524-AC28-1ACF4E51155A}.Release|Any CPU.ActiveCfg = Release|Any CPU
		{1991FABB-37AA-4524-AC28-1ACF4E51155A}.Release|Any CPU.Build.0 = Release|Any CPU
	EndGlobalSection
	GlobalSection(SolutionProperties) = preSolution
		HideSolutionNode = FALSE
	EndGlobalSection
EndGlobal
