
Microsoft Visual Studio Solution File, Format Version 11.00
# Visual Studio 2010
Project("{FAE04EC0-301F-11D3-BF4B-00C04F79EFBC}") = "RobotWare.SpaceClaim", "RobotWare.SpaceClaim.csproj", "{E717A0E2-3B92-4636-9A95-F0E10A93BD6F}"
EndProject
Project("{FAE04EC0-301F-11D3-BF4B-00C04F79EFBC}") = "EllieWare.Common", "..\EllieWare.Common\EllieWare.Common.csproj", "{72C5924A-0D73-45CE-8066-9F42B401F7A1}"
EndProject
Project("{FAE04EC0-301F-11D3-BF4B-00C04F79EFBC}") = "EllieWare.Manager", "..\EllieWare.Manager\EllieWare.Manager.csproj", "{35F7C91E-90B7-4AE6-8998-8A6E3FBE2B69}"
EndProject
Project("{FAE04EC0-301F-11D3-BF4B-00C04F79EFBC}") = "EllieWare.Interfaces", "..\EllieWare.Interfaces\EllieWare.Interfaces.csproj", "{6BC6C904-3CA4-494E-AF88-827394E14654}"
EndProject
Project("{FAE04EC0-301F-11D3-BF4B-00C04F79EFBC}") = "EllieWare.Support", "..\EllieWare.Support\EllieWare.Support.csproj", "{E1644A8E-CB78-4C41-873E-D743CECCCB0F}"
EndProject
Project("{FAE04EC0-301F-11D3-BF4B-00C04F79EFBC}") = "Zip DLL", "..\DotNetZip\Zip\Zip DLL.csproj", "{D3B0AD67-44D8-4B3D-BED9-CE1FD6DE2C5A}"
EndProject
Project("{FAE04EC0-301F-11D3-BF4B-00C04F79EFBC}") = "edtFTPnet", "..\edtftpnet\src\edtFTPnet.csproj", "{E5AD8FAE-D003-45FE-A6BC-EF0619D445F4}"
EndProject
Project("{FAE04EC0-301F-11D3-BF4B-00C04F79EFBC}") = "EllieWare.Audio", "..\EllieWare.Audio\EllieWare.Audio.csproj", "{B576477E-C3E2-42A6-9C46-B523D9F6B834}"
EndProject
Project("{FAE04EC0-301F-11D3-BF4B-00C04F79EFBC}") = "EllieWare.DateTime", "..\EllieWare.DateTime\EllieWare.DateTime.csproj", "{22ABAC35-D498-413E-A429-98D317142CB6}"
EndProject
Project("{FAE04EC0-301F-11D3-BF4B-00C04F79EFBC}") = "EllieWare.IO", "..\EllieWare.IO\EllieWare.IO.csproj", "{186AC2DD-F372-47F3-A279-F905F37DBA9D}"
EndProject
Project("{FAE04EC0-301F-11D3-BF4B-00C04F79EFBC}") = "EllieWare.Logging", "..\EllieWare.Logging\EllieWare.Logging.csproj", "{0936AB33-EA50-48BE-84F3-0D9106EB2C6D}"
EndProject
Project("{FAE04EC0-301F-11D3-BF4B-00C04F79EFBC}") = "EllieWare.Process", "..\EllieWare.Process\EllieWare.Process.csproj", "{6205CDC5-02F2-4122-A513-D779941DAC35}"
EndProject
Project("{FAE04EC0-301F-11D3-BF4B-00C04F79EFBC}") = "EllieWare.Transfer.FTP", "..\EllieWare.Transfer.FTP\EllieWare.Transfer.FTP.csproj", "{6148FE29-F616-4501-931B-27A04C3E9B60}"
EndProject
Project("{FAE04EC0-301F-11D3-BF4B-00C04F79EFBC}") = "EllieWare.Zip", "..\EllieWare.Zip\EllieWare.Zip.csproj", "{3E09D8C1-FDC2-47ED-8195-27F8D61C5F9F}"
EndProject
Project("{FAE04EC0-301F-11D3-BF4B-00C04F79EFBC}") = "EllieWare.SpaceClaim", "..\EllieWare.SpaceClaim\EllieWare.SpaceClaim.csproj", "{31F91FF5-7362-4C78-934E-3C6116FC8CBA}"
EndProject
Project("{FAE04EC0-301F-11D3-BF4B-00C04F79EFBC}") = "EllieWare.Licensing", "..\EllieWare.Licensing\EllieWare.Licensing.csproj", "{639D40B5-8191-409A-A267-8A78D4D38452}"
EndProject
Project("{FAE04EC0-301F-11D3-BF4B-00C04F79EFBC}") = "EllieWare.LicenseGenerator", "..\EllieWare.LicenseGenerator\EllieWare.LicenseGenerator.csproj", "{B041F5F3-FA67-4510-B372-71C8A5EA6373}"
EndProject
Project("{FAE04EC0-301F-11D3-BF4B-00C04F79EFBC}") = "EllieWare.Macro", "..\EllieWare.Macro\EllieWare.Macro.csproj", "{D6569BA5-350C-4A7A-B23C-5E9FCAA6DF21}"
EndProject
Project("{FAE04EC0-301F-11D3-BF4B-00C04F79EFBC}") = "RobotWare.Windows", "..\RobotWare.Windows\RobotWare.Windows.csproj", "{AE021F3A-24BE-434B-832A-4AEF4F808FB5}"
EndProject
Project("{54435603-DBB4-11D2-8724-00A0C9A8B90C}") = "RobotWare for Windows", "..\RobotWare for Windows\RobotWare for Windows.vdproj", "{DD1B38C0-4B7E-4872-83BB-DA5751F5717C}"
EndProject
Project("{54435603-DBB4-11D2-8724-00A0C9A8B90C}") = "RobotWare for SpaceClaim", "..\RobotWare for SpaceClaim\RobotWare for SpaceClaim.vdproj", "{D7DAB241-1065-48DA-A226-F1DB9D51295A}"
EndProject
Project("{7CF6DF6D-3B04-46F8-A40B-537D21BCA0B4}") = "EllieWare.Interfaces.Docs", "..\EllieWare.Interfaces.Docs\EllieWare.Interfaces.Docs.shfbproj", "{1E41E392-39A5-4B56-84FD-D0C818200709}"
EndProject
Project("{FAE04EC0-301F-11D3-BF4B-00C04F79EFBC}") = "EllieWare.RobotWare.Docs", "..\EllieWare.RobotWare.Docs\EllieWare.RobotWare.Docs.csproj", "{69CA96F0-9303-47C9-B91C-C7D2EEFBE9AA}"
EndProject
Project("{FAE04EC0-301F-11D3-BF4B-00C04F79EFBC}") = "EllieWare.Imaging", "..\EllieWare.Imaging\EllieWare.Imaging.csproj", "{6EB7F82C-CA6D-4BA8-AE0A-0FEA5451A4B9}"
EndProject
Project("{FAE04EC0-301F-11D3-BF4B-00C04F79EFBC}") = "ImageProcessor", "..\ImageProcessor\ImageProcessor.csproj", "{F90913DF-8E39-41EE-8A5B-5F72AF35A397}"
EndProject
Project("{FAE04EC0-301F-11D3-BF4B-00C04F79EFBC}") = "PdfSharp", "..\PdfSharp\PdfSharp.csproj", "{5384CE57-1F94-4D22-860D-2E9C1AC12DDF}"
EndProject
Project("{FAE04EC0-301F-11D3-BF4B-00C04F79EFBC}") = "EllieWare.Pdf", "..\EllieWare.Pdf\EllieWare.Pdf.csproj", "{5BBEFC9F-BF24-42B2-8BE6-09E19DB5357C}"
EndProject
Project("{FAE04EC0-301F-11D3-BF4B-00C04F79EFBC}") = "PDFsharpTests-GDI", "..\PdfSharp.UnitTests\PDFsharpTests-GDI\PDFsharpTests-GDI.csproj", "{890837F6-2F9E-482E-A395-9330D92A1070}"
EndProject
Global
	GlobalSection(SolutionConfigurationPlatforms) = preSolution
		Debug|Any CPU = Debug|Any CPU
		Debug|Mixed Platforms = Debug|Mixed Platforms
		Debug|x86 = Debug|x86
		Release|Any CPU = Release|Any CPU
		Release|Mixed Platforms = Release|Mixed Platforms
		Release|x86 = Release|x86
	EndGlobalSection
	GlobalSection(ProjectConfigurationPlatforms) = postSolution
		{E717A0E2-3B92-4636-9A95-F0E10A93BD6F}.Debug|Any CPU.ActiveCfg = Debug|Any CPU
		{E717A0E2-3B92-4636-9A95-F0E10A93BD6F}.Debug|Any CPU.Build.0 = Debug|Any CPU
		{E717A0E2-3B92-4636-9A95-F0E10A93BD6F}.Debug|Mixed Platforms.ActiveCfg = Debug|Any CPU
		{E717A0E2-3B92-4636-9A95-F0E10A93BD6F}.Debug|Mixed Platforms.Build.0 = Debug|Any CPU
		{E717A0E2-3B92-4636-9A95-F0E10A93BD6F}.Debug|x86.ActiveCfg = Debug|Any CPU
		{E717A0E2-3B92-4636-9A95-F0E10A93BD6F}.Release|Any CPU.ActiveCfg = Release|Any CPU
		{E717A0E2-3B92-4636-9A95-F0E10A93BD6F}.Release|Any CPU.Build.0 = Release|Any CPU
		{E717A0E2-3B92-4636-9A95-F0E10A93BD6F}.Release|Mixed Platforms.ActiveCfg = Release|Any CPU
		{E717A0E2-3B92-4636-9A95-F0E10A93BD6F}.Release|Mixed Platforms.Build.0 = Release|Any CPU
		{E717A0E2-3B92-4636-9A95-F0E10A93BD6F}.Release|x86.ActiveCfg = Release|Any CPU
		{72C5924A-0D73-45CE-8066-9F42B401F7A1}.Debug|Any CPU.ActiveCfg = Debug|Any CPU
		{72C5924A-0D73-45CE-8066-9F42B401F7A1}.Debug|Any CPU.Build.0 = Debug|Any CPU
		{72C5924A-0D73-45CE-8066-9F42B401F7A1}.Debug|Mixed Platforms.ActiveCfg = Debug|Any CPU
		{72C5924A-0D73-45CE-8066-9F42B401F7A1}.Debug|Mixed Platforms.Build.0 = Debug|Any CPU
		{72C5924A-0D73-45CE-8066-9F42B401F7A1}.Debug|x86.ActiveCfg = Debug|Any CPU
		{72C5924A-0D73-45CE-8066-9F42B401F7A1}.Release|Any CPU.ActiveCfg = Release|Any CPU
		{72C5924A-0D73-45CE-8066-9F42B401F7A1}.Release|Any CPU.Build.0 = Release|Any CPU
		{72C5924A-0D73-45CE-8066-9F42B401F7A1}.Release|Mixed Platforms.ActiveCfg = Release|Any CPU
		{72C5924A-0D73-45CE-8066-9F42B401F7A1}.Release|Mixed Platforms.Build.0 = Release|Any CPU
		{72C5924A-0D73-45CE-8066-9F42B401F7A1}.Release|x86.ActiveCfg = Release|Any CPU
		{35F7C91E-90B7-4AE6-8998-8A6E3FBE2B69}.Debug|Any CPU.ActiveCfg = Debug|Any CPU
		{35F7C91E-90B7-4AE6-8998-8A6E3FBE2B69}.Debug|Any CPU.Build.0 = Debug|Any CPU
		{35F7C91E-90B7-4AE6-8998-8A6E3FBE2B69}.Debug|Mixed Platforms.ActiveCfg = Debug|Any CPU
		{35F7C91E-90B7-4AE6-8998-8A6E3FBE2B69}.Debug|Mixed Platforms.Build.0 = Debug|Any CPU
		{35F7C91E-90B7-4AE6-8998-8A6E3FBE2B69}.Debug|x86.ActiveCfg = Debug|Any CPU
		{35F7C91E-90B7-4AE6-8998-8A6E3FBE2B69}.Release|Any CPU.ActiveCfg = Release|Any CPU
		{35F7C91E-90B7-4AE6-8998-8A6E3FBE2B69}.Release|Any CPU.Build.0 = Release|Any CPU
		{35F7C91E-90B7-4AE6-8998-8A6E3FBE2B69}.Release|Mixed Platforms.ActiveCfg = Release|Any CPU
		{35F7C91E-90B7-4AE6-8998-8A6E3FBE2B69}.Release|Mixed Platforms.Build.0 = Release|Any CPU
		{35F7C91E-90B7-4AE6-8998-8A6E3FBE2B69}.Release|x86.ActiveCfg = Release|Any CPU
		{6BC6C904-3CA4-494E-AF88-827394E14654}.Debug|Any CPU.ActiveCfg = Debug|Any CPU
		{6BC6C904-3CA4-494E-AF88-827394E14654}.Debug|Any CPU.Build.0 = Debug|Any CPU
		{6BC6C904-3CA4-494E-AF88-827394E14654}.Debug|Mixed Platforms.ActiveCfg = Debug|Any CPU
		{6BC6C904-3CA4-494E-AF88-827394E14654}.Debug|Mixed Platforms.Build.0 = Debug|Any CPU
		{6BC6C904-3CA4-494E-AF88-827394E14654}.Debug|x86.ActiveCfg = Debug|Any CPU
		{6BC6C904-3CA4-494E-AF88-827394E14654}.Release|Any CPU.ActiveCfg = Release|Any CPU
		{6BC6C904-3CA4-494E-AF88-827394E14654}.Release|Any CPU.Build.0 = Release|Any CPU
		{6BC6C904-3CA4-494E-AF88-827394E14654}.Release|Mixed Platforms.ActiveCfg = Release|Any CPU
		{6BC6C904-3CA4-494E-AF88-827394E14654}.Release|Mixed Platforms.Build.0 = Release|Any CPU
		{6BC6C904-3CA4-494E-AF88-827394E14654}.Release|x86.ActiveCfg = Release|Any CPU
		{E1644A8E-CB78-4C41-873E-D743CECCCB0F}.Debug|Any CPU.ActiveCfg = Debug|Any CPU
		{E1644A8E-CB78-4C41-873E-D743CECCCB0F}.Debug|Any CPU.Build.0 = Debug|Any CPU
		{E1644A8E-CB78-4C41-873E-D743CECCCB0F}.Debug|Mixed Platforms.ActiveCfg = Debug|Any CPU
		{E1644A8E-CB78-4C41-873E-D743CECCCB0F}.Debug|Mixed Platforms.Build.0 = Debug|Any CPU
		{E1644A8E-CB78-4C41-873E-D743CECCCB0F}.Debug|x86.ActiveCfg = Debug|Any CPU
		{E1644A8E-CB78-4C41-873E-D743CECCCB0F}.Release|Any CPU.ActiveCfg = Release|Any CPU
		{E1644A8E-CB78-4C41-873E-D743CECCCB0F}.Release|Any CPU.Build.0 = Release|Any CPU
		{E1644A8E-CB78-4C41-873E-D743CECCCB0F}.Release|Mixed Platforms.ActiveCfg = Release|Any CPU
		{E1644A8E-CB78-4C41-873E-D743CECCCB0F}.Release|Mixed Platforms.Build.0 = Release|Any CPU
		{E1644A8E-CB78-4C41-873E-D743CECCCB0F}.Release|x86.ActiveCfg = Release|Any CPU
		{D3B0AD67-44D8-4B3D-BED9-CE1FD6DE2C5A}.Debug|Any CPU.ActiveCfg = Debug|Any CPU
		{D3B0AD67-44D8-4B3D-BED9-CE1FD6DE2C5A}.Debug|Any CPU.Build.0 = Debug|Any CPU
		{D3B0AD67-44D8-4B3D-BED9-CE1FD6DE2C5A}.Debug|Mixed Platforms.ActiveCfg = Debug|Any CPU
		{D3B0AD67-44D8-4B3D-BED9-CE1FD6DE2C5A}.Debug|Mixed Platforms.Build.0 = Debug|Any CPU
		{D3B0AD67-44D8-4B3D-BED9-CE1FD6DE2C5A}.Debug|x86.ActiveCfg = Debug|Any CPU
		{D3B0AD67-44D8-4B3D-BED9-CE1FD6DE2C5A}.Release|Any CPU.ActiveCfg = Release|Any CPU
		{D3B0AD67-44D8-4B3D-BED9-CE1FD6DE2C5A}.Release|Any CPU.Build.0 = Release|Any CPU
		{D3B0AD67-44D8-4B3D-BED9-CE1FD6DE2C5A}.Release|Mixed Platforms.ActiveCfg = Release|Any CPU
		{D3B0AD67-44D8-4B3D-BED9-CE1FD6DE2C5A}.Release|Mixed Platforms.Build.0 = Release|Any CPU
		{D3B0AD67-44D8-4B3D-BED9-CE1FD6DE2C5A}.Release|x86.ActiveCfg = Release|Any CPU
		{E5AD8FAE-D003-45FE-A6BC-EF0619D445F4}.Debug|Any CPU.ActiveCfg = Debug|Any CPU
		{E5AD8FAE-D003-45FE-A6BC-EF0619D445F4}.Debug|Any CPU.Build.0 = Debug|Any CPU
		{E5AD8FAE-D003-45FE-A6BC-EF0619D445F4}.Debug|Mixed Platforms.ActiveCfg = Debug|Any CPU
		{E5AD8FAE-D003-45FE-A6BC-EF0619D445F4}.Debug|Mixed Platforms.Build.0 = Debug|Any CPU
		{E5AD8FAE-D003-45FE-A6BC-EF0619D445F4}.Debug|x86.ActiveCfg = Debug|Any CPU
		{E5AD8FAE-D003-45FE-A6BC-EF0619D445F4}.Release|Any CPU.ActiveCfg = Release|Any CPU
		{E5AD8FAE-D003-45FE-A6BC-EF0619D445F4}.Release|Any CPU.Build.0 = Release|Any CPU
		{E5AD8FAE-D003-45FE-A6BC-EF0619D445F4}.Release|Mixed Platforms.ActiveCfg = Release|Any CPU
		{E5AD8FAE-D003-45FE-A6BC-EF0619D445F4}.Release|Mixed Platforms.Build.0 = Release|Any CPU
		{E5AD8FAE-D003-45FE-A6BC-EF0619D445F4}.Release|x86.ActiveCfg = Release|Any CPU
		{B576477E-C3E2-42A6-9C46-B523D9F6B834}.Debug|Any CPU.ActiveCfg = Debug|Any CPU
		{B576477E-C3E2-42A6-9C46-B523D9F6B834}.Debug|Any CPU.Build.0 = Debug|Any CPU
		{B576477E-C3E2-42A6-9C46-B523D9F6B834}.Debug|Mixed Platforms.ActiveCfg = Debug|Any CPU
		{B576477E-C3E2-42A6-9C46-B523D9F6B834}.Debug|Mixed Platforms.Build.0 = Debug|Any CPU
		{B576477E-C3E2-42A6-9C46-B523D9F6B834}.Debug|x86.ActiveCfg = Debug|Any CPU
		{B576477E-C3E2-42A6-9C46-B523D9F6B834}.Release|Any CPU.ActiveCfg = Release|Any CPU
		{B576477E-C3E2-42A6-9C46-B523D9F6B834}.Release|Any CPU.Build.0 = Release|Any CPU
		{B576477E-C3E2-42A6-9C46-B523D9F6B834}.Release|Mixed Platforms.ActiveCfg = Release|Any CPU
		{B576477E-C3E2-42A6-9C46-B523D9F6B834}.Release|Mixed Platforms.Build.0 = Release|Any CPU
		{B576477E-C3E2-42A6-9C46-B523D9F6B834}.Release|x86.ActiveCfg = Release|Any CPU
		{22ABAC35-D498-413E-A429-98D317142CB6}.Debug|Any CPU.ActiveCfg = Debug|Any CPU
		{22ABAC35-D498-413E-A429-98D317142CB6}.Debug|Any CPU.Build.0 = Debug|Any CPU
		{22ABAC35-D498-413E-A429-98D317142CB6}.Debug|Mixed Platforms.ActiveCfg = Debug|Any CPU
		{22ABAC35-D498-413E-A429-98D317142CB6}.Debug|Mixed Platforms.Build.0 = Debug|Any CPU
		{22ABAC35-D498-413E-A429-98D317142CB6}.Debug|x86.ActiveCfg = Debug|Any CPU
		{22ABAC35-D498-413E-A429-98D317142CB6}.Release|Any CPU.ActiveCfg = Release|Any CPU
		{22ABAC35-D498-413E-A429-98D317142CB6}.Release|Any CPU.Build.0 = Release|Any CPU
		{22ABAC35-D498-413E-A429-98D317142CB6}.Release|Mixed Platforms.ActiveCfg = Release|Any CPU
		{22ABAC35-D498-413E-A429-98D317142CB6}.Release|Mixed Platforms.Build.0 = Release|Any CPU
		{22ABAC35-D498-413E-A429-98D317142CB6}.Release|x86.ActiveCfg = Release|Any CPU
		{186AC2DD-F372-47F3-A279-F905F37DBA9D}.Debug|Any CPU.ActiveCfg = Debug|Any CPU
		{186AC2DD-F372-47F3-A279-F905F37DBA9D}.Debug|Any CPU.Build.0 = Debug|Any CPU
		{186AC2DD-F372-47F3-A279-F905F37DBA9D}.Debug|Mixed Platforms.ActiveCfg = Debug|Any CPU
		{186AC2DD-F372-47F3-A279-F905F37DBA9D}.Debug|Mixed Platforms.Build.0 = Debug|Any CPU
		{186AC2DD-F372-47F3-A279-F905F37DBA9D}.Debug|x86.ActiveCfg = Debug|Any CPU
		{186AC2DD-F372-47F3-A279-F905F37DBA9D}.Release|Any CPU.ActiveCfg = Release|Any CPU
		{186AC2DD-F372-47F3-A279-F905F37DBA9D}.Release|Any CPU.Build.0 = Release|Any CPU
		{186AC2DD-F372-47F3-A279-F905F37DBA9D}.Release|Mixed Platforms.ActiveCfg = Release|Any CPU
		{186AC2DD-F372-47F3-A279-F905F37DBA9D}.Release|Mixed Platforms.Build.0 = Release|Any CPU
		{186AC2DD-F372-47F3-A279-F905F37DBA9D}.Release|x86.ActiveCfg = Release|Any CPU
		{0936AB33-EA50-48BE-84F3-0D9106EB2C6D}.Debug|Any CPU.ActiveCfg = Debug|Any CPU
		{0936AB33-EA50-48BE-84F3-0D9106EB2C6D}.Debug|Any CPU.Build.0 = Debug|Any CPU
		{0936AB33-EA50-48BE-84F3-0D9106EB2C6D}.Debug|Mixed Platforms.ActiveCfg = Debug|Any CPU
		{0936AB33-EA50-48BE-84F3-0D9106EB2C6D}.Debug|Mixed Platforms.Build.0 = Debug|Any CPU
		{0936AB33-EA50-48BE-84F3-0D9106EB2C6D}.Debug|x86.ActiveCfg = Debug|Any CPU
		{0936AB33-EA50-48BE-84F3-0D9106EB2C6D}.Release|Any CPU.ActiveCfg = Release|Any CPU
		{0936AB33-EA50-48BE-84F3-0D9106EB2C6D}.Release|Any CPU.Build.0 = Release|Any CPU
		{0936AB33-EA50-48BE-84F3-0D9106EB2C6D}.Release|Mixed Platforms.ActiveCfg = Release|Any CPU
		{0936AB33-EA50-48BE-84F3-0D9106EB2C6D}.Release|Mixed Platforms.Build.0 = Release|Any CPU
		{0936AB33-EA50-48BE-84F3-0D9106EB2C6D}.Release|x86.ActiveCfg = Release|Any CPU
		{6205CDC5-02F2-4122-A513-D779941DAC35}.Debug|Any CPU.ActiveCfg = Debug|Any CPU
		{6205CDC5-02F2-4122-A513-D779941DAC35}.Debug|Any CPU.Build.0 = Debug|Any CPU
		{6205CDC5-02F2-4122-A513-D779941DAC35}.Debug|Mixed Platforms.ActiveCfg = Debug|Any CPU
		{6205CDC5-02F2-4122-A513-D779941DAC35}.Debug|Mixed Platforms.Build.0 = Debug|Any CPU
		{6205CDC5-02F2-4122-A513-D779941DAC35}.Debug|x86.ActiveCfg = Debug|Any CPU
		{6205CDC5-02F2-4122-A513-D779941DAC35}.Release|Any CPU.ActiveCfg = Release|Any CPU
		{6205CDC5-02F2-4122-A513-D779941DAC35}.Release|Any CPU.Build.0 = Release|Any CPU
		{6205CDC5-02F2-4122-A513-D779941DAC35}.Release|Mixed Platforms.ActiveCfg = Release|Any CPU
		{6205CDC5-02F2-4122-A513-D779941DAC35}.Release|Mixed Platforms.Build.0 = Release|Any CPU
		{6205CDC5-02F2-4122-A513-D779941DAC35}.Release|x86.ActiveCfg = Release|Any CPU
		{6148FE29-F616-4501-931B-27A04C3E9B60}.Debug|Any CPU.ActiveCfg = Debug|Any CPU
		{6148FE29-F616-4501-931B-27A04C3E9B60}.Debug|Any CPU.Build.0 = Debug|Any CPU
		{6148FE29-F616-4501-931B-27A04C3E9B60}.Debug|Mixed Platforms.ActiveCfg = Debug|Any CPU
		{6148FE29-F616-4501-931B-27A04C3E9B60}.Debug|Mixed Platforms.Build.0 = Debug|Any CPU
		{6148FE29-F616-4501-931B-27A04C3E9B60}.Debug|x86.ActiveCfg = Debug|Any CPU
		{6148FE29-F616-4501-931B-27A04C3E9B60}.Release|Any CPU.ActiveCfg = Release|Any CPU
		{6148FE29-F616-4501-931B-27A04C3E9B60}.Release|Any CPU.Build.0 = Release|Any CPU
		{6148FE29-F616-4501-931B-27A04C3E9B60}.Release|Mixed Platforms.ActiveCfg = Release|Any CPU
		{6148FE29-F616-4501-931B-27A04C3E9B60}.Release|Mixed Platforms.Build.0 = Release|Any CPU
		{6148FE29-F616-4501-931B-27A04C3E9B60}.Release|x86.ActiveCfg = Release|Any CPU
		{3E09D8C1-FDC2-47ED-8195-27F8D61C5F9F}.Debug|Any CPU.ActiveCfg = Debug|Any CPU
		{3E09D8C1-FDC2-47ED-8195-27F8D61C5F9F}.Debug|Any CPU.Build.0 = Debug|Any CPU
		{3E09D8C1-FDC2-47ED-8195-27F8D61C5F9F}.Debug|Mixed Platforms.ActiveCfg = Debug|Any CPU
		{3E09D8C1-FDC2-47ED-8195-27F8D61C5F9F}.Debug|Mixed Platforms.Build.0 = Debug|Any CPU
		{3E09D8C1-FDC2-47ED-8195-27F8D61C5F9F}.Debug|x86.ActiveCfg = Debug|Any CPU
		{3E09D8C1-FDC2-47ED-8195-27F8D61C5F9F}.Release|Any CPU.ActiveCfg = Release|Any CPU
		{3E09D8C1-FDC2-47ED-8195-27F8D61C5F9F}.Release|Any CPU.Build.0 = Release|Any CPU
		{3E09D8C1-FDC2-47ED-8195-27F8D61C5F9F}.Release|Mixed Platforms.ActiveCfg = Release|Any CPU
		{3E09D8C1-FDC2-47ED-8195-27F8D61C5F9F}.Release|Mixed Platforms.Build.0 = Release|Any CPU
		{3E09D8C1-FDC2-47ED-8195-27F8D61C5F9F}.Release|x86.ActiveCfg = Release|Any CPU
		{31F91FF5-7362-4C78-934E-3C6116FC8CBA}.Debug|Any CPU.ActiveCfg = Debug|Any CPU
		{31F91FF5-7362-4C78-934E-3C6116FC8CBA}.Debug|Any CPU.Build.0 = Debug|Any CPU
		{31F91FF5-7362-4C78-934E-3C6116FC8CBA}.Debug|Mixed Platforms.ActiveCfg = Debug|Any CPU
		{31F91FF5-7362-4C78-934E-3C6116FC8CBA}.Debug|Mixed Platforms.Build.0 = Debug|Any CPU
		{31F91FF5-7362-4C78-934E-3C6116FC8CBA}.Debug|x86.ActiveCfg = Debug|Any CPU
		{31F91FF5-7362-4C78-934E-3C6116FC8CBA}.Release|Any CPU.ActiveCfg = Release|Any CPU
		{31F91FF5-7362-4C78-934E-3C6116FC8CBA}.Release|Any CPU.Build.0 = Release|Any CPU
		{31F91FF5-7362-4C78-934E-3C6116FC8CBA}.Release|Mixed Platforms.ActiveCfg = Release|Any CPU
		{31F91FF5-7362-4C78-934E-3C6116FC8CBA}.Release|Mixed Platforms.Build.0 = Release|Any CPU
		{31F91FF5-7362-4C78-934E-3C6116FC8CBA}.Release|x86.ActiveCfg = Release|Any CPU
		{639D40B5-8191-409A-A267-8A78D4D38452}.Debug|Any CPU.ActiveCfg = Debug|Any CPU
		{639D40B5-8191-409A-A267-8A78D4D38452}.Debug|Any CPU.Build.0 = Debug|Any CPU
		{639D40B5-8191-409A-A267-8A78D4D38452}.Debug|Mixed Platforms.ActiveCfg = Debug|Any CPU
		{639D40B5-8191-409A-A267-8A78D4D38452}.Debug|Mixed Platforms.Build.0 = Debug|Any CPU
		{639D40B5-8191-409A-A267-8A78D4D38452}.Debug|x86.ActiveCfg = Debug|Any CPU
		{639D40B5-8191-409A-A267-8A78D4D38452}.Release|Any CPU.ActiveCfg = Release|Any CPU
		{639D40B5-8191-409A-A267-8A78D4D38452}.Release|Any CPU.Build.0 = Release|Any CPU
		{639D40B5-8191-409A-A267-8A78D4D38452}.Release|Mixed Platforms.ActiveCfg = Release|Any CPU
		{639D40B5-8191-409A-A267-8A78D4D38452}.Release|Mixed Platforms.Build.0 = Release|Any CPU
		{639D40B5-8191-409A-A267-8A78D4D38452}.Release|x86.ActiveCfg = Release|Any CPU
		{B041F5F3-FA67-4510-B372-71C8A5EA6373}.Debug|Any CPU.ActiveCfg = Debug|x86
		{B041F5F3-FA67-4510-B372-71C8A5EA6373}.Debug|Mixed Platforms.ActiveCfg = Debug|x86
		{B041F5F3-FA67-4510-B372-71C8A5EA6373}.Debug|Mixed Platforms.Build.0 = Debug|x86
		{B041F5F3-FA67-4510-B372-71C8A5EA6373}.Debug|x86.ActiveCfg = Debug|x86
		{B041F5F3-FA67-4510-B372-71C8A5EA6373}.Debug|x86.Build.0 = Debug|x86
		{B041F5F3-FA67-4510-B372-71C8A5EA6373}.Release|Any CPU.ActiveCfg = Release|x86
		{B041F5F3-FA67-4510-B372-71C8A5EA6373}.Release|Mixed Platforms.ActiveCfg = Release|x86
		{B041F5F3-FA67-4510-B372-71C8A5EA6373}.Release|Mixed Platforms.Build.0 = Release|x86
		{B041F5F3-FA67-4510-B372-71C8A5EA6373}.Release|x86.ActiveCfg = Release|x86
		{B041F5F3-FA67-4510-B372-71C8A5EA6373}.Release|x86.Build.0 = Release|x86
		{D6569BA5-350C-4A7A-B23C-5E9FCAA6DF21}.Debug|Any CPU.ActiveCfg = Debug|Any CPU
		{D6569BA5-350C-4A7A-B23C-5E9FCAA6DF21}.Debug|Any CPU.Build.0 = Debug|Any CPU
		{D6569BA5-350C-4A7A-B23C-5E9FCAA6DF21}.Debug|Mixed Platforms.ActiveCfg = Debug|Any CPU
		{D6569BA5-350C-4A7A-B23C-5E9FCAA6DF21}.Debug|Mixed Platforms.Build.0 = Debug|Any CPU
		{D6569BA5-350C-4A7A-B23C-5E9FCAA6DF21}.Debug|x86.ActiveCfg = Debug|Any CPU
		{D6569BA5-350C-4A7A-B23C-5E9FCAA6DF21}.Release|Any CPU.ActiveCfg = Release|Any CPU
		{D6569BA5-350C-4A7A-B23C-5E9FCAA6DF21}.Release|Any CPU.Build.0 = Release|Any CPU
		{D6569BA5-350C-4A7A-B23C-5E9FCAA6DF21}.Release|Mixed Platforms.ActiveCfg = Release|Any CPU
		{D6569BA5-350C-4A7A-B23C-5E9FCAA6DF21}.Release|Mixed Platforms.Build.0 = Release|Any CPU
		{D6569BA5-350C-4A7A-B23C-5E9FCAA6DF21}.Release|x86.ActiveCfg = Release|Any CPU
		{AE021F3A-24BE-434B-832A-4AEF4F808FB5}.Debug|Any CPU.ActiveCfg = Debug|x86
		{AE021F3A-24BE-434B-832A-4AEF4F808FB5}.Debug|Mixed Platforms.ActiveCfg = Debug|x86
		{AE021F3A-24BE-434B-832A-4AEF4F808FB5}.Debug|Mixed Platforms.Build.0 = Debug|x86
		{AE021F3A-24BE-434B-832A-4AEF4F808FB5}.Debug|x86.ActiveCfg = Debug|x86
		{AE021F3A-24BE-434B-832A-4AEF4F808FB5}.Debug|x86.Build.0 = Debug|x86
		{AE021F3A-24BE-434B-832A-4AEF4F808FB5}.Release|Any CPU.ActiveCfg = Release|x86
		{AE021F3A-24BE-434B-832A-4AEF4F808FB5}.Release|Mixed Platforms.ActiveCfg = Release|x86
		{AE021F3A-24BE-434B-832A-4AEF4F808FB5}.Release|Mixed Platforms.Build.0 = Release|x86
		{AE021F3A-24BE-434B-832A-4AEF4F808FB5}.Release|x86.ActiveCfg = Release|x86
		{AE021F3A-24BE-434B-832A-4AEF4F808FB5}.Release|x86.Build.0 = Release|x86
		{DD1B38C0-4B7E-4872-83BB-DA5751F5717C}.Debug|Any CPU.ActiveCfg = Debug
		{DD1B38C0-4B7E-4872-83BB-DA5751F5717C}.Debug|Any CPU.Build.0 = Debug
		{DD1B38C0-4B7E-4872-83BB-DA5751F5717C}.Debug|Mixed Platforms.ActiveCfg = Debug
		{DD1B38C0-4B7E-4872-83BB-DA5751F5717C}.Debug|x86.ActiveCfg = Debug
		{DD1B38C0-4B7E-4872-83BB-DA5751F5717C}.Debug|x86.Build.0 = Debug
		{DD1B38C0-4B7E-4872-83BB-DA5751F5717C}.Release|Any CPU.ActiveCfg = Release
		{DD1B38C0-4B7E-4872-83BB-DA5751F5717C}.Release|Any CPU.Build.0 = Release
		{DD1B38C0-4B7E-4872-83BB-DA5751F5717C}.Release|Mixed Platforms.ActiveCfg = Release
		{DD1B38C0-4B7E-4872-83BB-DA5751F5717C}.Release|Mixed Platforms.Build.0 = Release
		{DD1B38C0-4B7E-4872-83BB-DA5751F5717C}.Release|x86.ActiveCfg = Release
		{DD1B38C0-4B7E-4872-83BB-DA5751F5717C}.Release|x86.Build.0 = Release
		{D7DAB241-1065-48DA-A226-F1DB9D51295A}.Debug|Any CPU.ActiveCfg = Debug
		{D7DAB241-1065-48DA-A226-F1DB9D51295A}.Debug|Mixed Platforms.ActiveCfg = Debug
		{D7DAB241-1065-48DA-A226-F1DB9D51295A}.Debug|x86.ActiveCfg = Debug
		{D7DAB241-1065-48DA-A226-F1DB9D51295A}.Release|Any CPU.ActiveCfg = Release
		{D7DAB241-1065-48DA-A226-F1DB9D51295A}.Release|Mixed Platforms.ActiveCfg = Release
		{D7DAB241-1065-48DA-A226-F1DB9D51295A}.Release|x86.ActiveCfg = Release
		{1E41E392-39A5-4B56-84FD-D0C818200709}.Debug|Any CPU.ActiveCfg = Debug|Any CPU
		{1E41E392-39A5-4B56-84FD-D0C818200709}.Debug|Any CPU.Build.0 = Debug|Any CPU
		{1E41E392-39A5-4B56-84FD-D0C818200709}.Debug|Mixed Platforms.ActiveCfg = Debug|Any CPU
		{1E41E392-39A5-4B56-84FD-D0C818200709}.Debug|x86.ActiveCfg = Debug|Any CPU
		{1E41E392-39A5-4B56-84FD-D0C818200709}.Release|Any CPU.ActiveCfg = Release|Any CPU
		{1E41E392-39A5-4B56-84FD-D0C818200709}.Release|Any CPU.Build.0 = Release|Any CPU
		{1E41E392-39A5-4B56-84FD-D0C818200709}.Release|Mixed Platforms.ActiveCfg = Release|Any CPU
		{1E41E392-39A5-4B56-84FD-D0C818200709}.Release|Mixed Platforms.Build.0 = Release|Any CPU
		{1E41E392-39A5-4B56-84FD-D0C818200709}.Release|x86.ActiveCfg = Release|Any CPU
		{69CA96F0-9303-47C9-B91C-C7D2EEFBE9AA}.Debug|Any CPU.ActiveCfg = Debug|x86
		{69CA96F0-9303-47C9-B91C-C7D2EEFBE9AA}.Debug|Mixed Platforms.ActiveCfg = Debug|x86
		{69CA96F0-9303-47C9-B91C-C7D2EEFBE9AA}.Debug|Mixed Platforms.Build.0 = Debug|x86
		{69CA96F0-9303-47C9-B91C-C7D2EEFBE9AA}.Debug|x86.ActiveCfg = Debug|x86
		{69CA96F0-9303-47C9-B91C-C7D2EEFBE9AA}.Debug|x86.Build.0 = Debug|x86
		{69CA96F0-9303-47C9-B91C-C7D2EEFBE9AA}.Release|Any CPU.ActiveCfg = Debug|x86
		{69CA96F0-9303-47C9-B91C-C7D2EEFBE9AA}.Release|Mixed Platforms.ActiveCfg = Debug|x86
		{69CA96F0-9303-47C9-B91C-C7D2EEFBE9AA}.Release|Mixed Platforms.Build.0 = Debug|x86
		{69CA96F0-9303-47C9-B91C-C7D2EEFBE9AA}.Release|x86.ActiveCfg = Debug|x86
		{69CA96F0-9303-47C9-B91C-C7D2EEFBE9AA}.Release|x86.Build.0 = Debug|x86
		{6EB7F82C-CA6D-4BA8-AE0A-0FEA5451A4B9}.Debug|Any CPU.ActiveCfg = Debug|Any CPU
		{6EB7F82C-CA6D-4BA8-AE0A-0FEA5451A4B9}.Debug|Any CPU.Build.0 = Debug|Any CPU
		{6EB7F82C-CA6D-4BA8-AE0A-0FEA5451A4B9}.Debug|Mixed Platforms.ActiveCfg = Debug|Any CPU
		{6EB7F82C-CA6D-4BA8-AE0A-0FEA5451A4B9}.Debug|Mixed Platforms.Build.0 = Debug|Any CPU
		{6EB7F82C-CA6D-4BA8-AE0A-0FEA5451A4B9}.Debug|x86.ActiveCfg = Debug|Any CPU
		{6EB7F82C-CA6D-4BA8-AE0A-0FEA5451A4B9}.Release|Any CPU.ActiveCfg = Release|Any CPU
		{6EB7F82C-CA6D-4BA8-AE0A-0FEA5451A4B9}.Release|Any CPU.Build.0 = Release|Any CPU
		{6EB7F82C-CA6D-4BA8-AE0A-0FEA5451A4B9}.Release|Mixed Platforms.ActiveCfg = Release|Any CPU
		{6EB7F82C-CA6D-4BA8-AE0A-0FEA5451A4B9}.Release|Mixed Platforms.Build.0 = Release|Any CPU
		{6EB7F82C-CA6D-4BA8-AE0A-0FEA5451A4B9}.Release|x86.ActiveCfg = Release|Any CPU
		{F90913DF-8E39-41EE-8A5B-5F72AF35A397}.Debug|Any CPU.ActiveCfg = Debug|Any CPU
		{F90913DF-8E39-41EE-8A5B-5F72AF35A397}.Debug|Any CPU.Build.0 = Debug|Any CPU
		{F90913DF-8E39-41EE-8A5B-5F72AF35A397}.Debug|Mixed Platforms.ActiveCfg = Debug|Any CPU
		{F90913DF-8E39-41EE-8A5B-5F72AF35A397}.Debug|Mixed Platforms.Build.0 = Debug|Any CPU
		{F90913DF-8E39-41EE-8A5B-5F72AF35A397}.Debug|x86.ActiveCfg = Debug|Any CPU
		{F90913DF-8E39-41EE-8A5B-5F72AF35A397}.Release|Any CPU.ActiveCfg = Release|Any CPU
		{F90913DF-8E39-41EE-8A5B-5F72AF35A397}.Release|Any CPU.Build.0 = Release|Any CPU
		{F90913DF-8E39-41EE-8A5B-5F72AF35A397}.Release|Mixed Platforms.ActiveCfg = Release|Any CPU
		{F90913DF-8E39-41EE-8A5B-5F72AF35A397}.Release|Mixed Platforms.Build.0 = Release|Any CPU
		{F90913DF-8E39-41EE-8A5B-5F72AF35A397}.Release|x86.ActiveCfg = Release|Any CPU
		{5384CE57-1F94-4D22-860D-2E9C1AC12DDF}.Debug|Any CPU.ActiveCfg = Debug|Any CPU
		{5384CE57-1F94-4D22-860D-2E9C1AC12DDF}.Debug|Any CPU.Build.0 = Debug|Any CPU
		{5384CE57-1F94-4D22-860D-2E9C1AC12DDF}.Debug|Mixed Platforms.ActiveCfg = Debug|Any CPU
		{5384CE57-1F94-4D22-860D-2E9C1AC12DDF}.Debug|Mixed Platforms.Build.0 = Debug|Any CPU
		{5384CE57-1F94-4D22-860D-2E9C1AC12DDF}.Debug|x86.ActiveCfg = Debug|Any CPU
		{5384CE57-1F94-4D22-860D-2E9C1AC12DDF}.Release|Any CPU.ActiveCfg = Release|Any CPU
		{5384CE57-1F94-4D22-860D-2E9C1AC12DDF}.Release|Any CPU.Build.0 = Release|Any CPU
		{5384CE57-1F94-4D22-860D-2E9C1AC12DDF}.Release|Mixed Platforms.ActiveCfg = Release|Any CPU
		{5384CE57-1F94-4D22-860D-2E9C1AC12DDF}.Release|Mixed Platforms.Build.0 = Release|Any CPU
		{5384CE57-1F94-4D22-860D-2E9C1AC12DDF}.Release|x86.ActiveCfg = Release|Any CPU
		{5BBEFC9F-BF24-42B2-8BE6-09E19DB5357C}.Debug|Any CPU.ActiveCfg = Debug|Any CPU
		{5BBEFC9F-BF24-42B2-8BE6-09E19DB5357C}.Debug|Any CPU.Build.0 = Debug|Any CPU
		{5BBEFC9F-BF24-42B2-8BE6-09E19DB5357C}.Debug|Mixed Platforms.ActiveCfg = Debug|Any CPU
		{5BBEFC9F-BF24-42B2-8BE6-09E19DB5357C}.Debug|Mixed Platforms.Build.0 = Debug|Any CPU
		{5BBEFC9F-BF24-42B2-8BE6-09E19DB5357C}.Debug|x86.ActiveCfg = Debug|Any CPU
		{5BBEFC9F-BF24-42B2-8BE6-09E19DB5357C}.Release|Any CPU.ActiveCfg = Release|Any CPU
		{5BBEFC9F-BF24-42B2-8BE6-09E19DB5357C}.Release|Any CPU.Build.0 = Release|Any CPU
		{5BBEFC9F-BF24-42B2-8BE6-09E19DB5357C}.Release|Mixed Platforms.ActiveCfg = Release|Any CPU
		{5BBEFC9F-BF24-42B2-8BE6-09E19DB5357C}.Release|Mixed Platforms.Build.0 = Release|Any CPU
		{5BBEFC9F-BF24-42B2-8BE6-09E19DB5357C}.Release|x86.ActiveCfg = Release|Any CPU
		{890837F6-2F9E-482E-A395-9330D92A1070}.Debug|Any CPU.ActiveCfg = Debug|Any CPU
		{890837F6-2F9E-482E-A395-9330D92A1070}.Debug|Any CPU.Build.0 = Debug|Any CPU
		{890837F6-2F9E-482E-A395-9330D92A1070}.Debug|Mixed Platforms.ActiveCfg = Debug|Any CPU
		{890837F6-2F9E-482E-A395-9330D92A1070}.Debug|Mixed Platforms.Build.0 = Debug|Any CPU
		{890837F6-2F9E-482E-A395-9330D92A1070}.Debug|x86.ActiveCfg = Debug|Any CPU
		{890837F6-2F9E-482E-A395-9330D92A1070}.Release|Any CPU.ActiveCfg = Release|Any CPU
		{890837F6-2F9E-482E-A395-9330D92A1070}.Release|Any CPU.Build.0 = Release|Any CPU
		{890837F6-2F9E-482E-A395-9330D92A1070}.Release|Mixed Platforms.ActiveCfg = Release|Any CPU
		{890837F6-2F9E-482E-A395-9330D92A1070}.Release|Mixed Platforms.Build.0 = Release|Any CPU
		{890837F6-2F9E-482E-A395-9330D92A1070}.Release|x86.ActiveCfg = Release|Any CPU
	EndGlobalSection
	GlobalSection(SolutionProperties) = preSolution
		HideSolutionNode = FALSE
	EndGlobalSection
EndGlobal
